// !$*UTF8*$!
{
	archiveVersion = 1;
	classes = {
	};
	objectVersion = 46;
	objects = {

/* Begin PBXBuildFile section */
		1A67682A180E9C060076BC67 /* libcocos2d Mac.a in Frameworks */ = {isa = PBXBuildFile; fileRef = 1AC6FB48180E9ACB004C840B /* libcocos2d Mac.a */; };
		1A676839180E9C1E0076BC67 /* libcocos2d iOS.a in Frameworks */ = {isa = PBXBuildFile; fileRef = 1AC6FB56180E9ACB004C840B /* libcocos2d iOS.a */; };
		1A82F5FB169AC92500C4B13A /* libsqlite3.dylib in Frameworks */ = {isa = PBXBuildFile; fileRef = 1A82F5FA169AC92500C4B13A /* libsqlite3.dylib */; };
		1AC22EDE18CA0E11007112B9 /* project.json in Resources */ = {isa = PBXBuildFile; fileRef = 1A1A081B18C9DF05005C6854 /* project.json */; };
		1AD7E0A818C9DB93004817A6 /* main.js in Resources */ = {isa = PBXBuildFile; fileRef = 1A6BF21418C9DB5900FB0E1C /* main.js */; };
		1AD7E0A918C9DBE3004817A6 /* main.js in Resources */ = {isa = PBXBuildFile; fileRef = 1A6BF21418C9DB5900FB0E1C /* main.js */; };
		1AE159EC18C9DF3600FCA372 /* project.json in Resources */ = {isa = PBXBuildFile; fileRef = 1A1A081B18C9DF05005C6854 /* project.json */; };
		294D0D681D0D56F400F7F5D4 /* CoreText.framework in Frameworks */ = {isa = PBXBuildFile; fileRef = 294D0D671D0D56F400F7F5D4 /* CoreText.framework */; };
		502380DC17EBB88200990C9B /* libcurl.dylib in Frameworks */ = {isa = PBXBuildFile; fileRef = 502380DB17EBB88200990C9B /* libcurl.dylib */; };
		509D4A8117EBB24E00697056 /* AppDelegate.cpp in Sources */ = {isa = PBXBuildFile; fileRef = D4545215156E28EF00887EB5 /* AppDelegate.cpp */; };
		509D4A8817EBB24E00697056 /* libsqlite3.dylib in Frameworks */ = {isa = PBXBuildFile; fileRef = 1A82F5FA169AC92500C4B13A /* libsqlite3.dylib */; };
		509D4A8917EBB24E00697056 /* libz.dylib in Frameworks */ = {isa = PBXBuildFile; fileRef = D454520B156E22BD00887EB5 /* libz.dylib */; };
		509D4A8A17EBB24E00697056 /* QuartzCore.framework in Frameworks */ = {isa = PBXBuildFile; fileRef = A92275411517C094001B78AA /* QuartzCore.framework */; };
		509D4A8C17EBB24E00697056 /* OpenAL.framework in Frameworks */ = {isa = PBXBuildFile; fileRef = A92275451517C094001B78AA /* OpenAL.framework */; };
		509D4A8D17EBB24E00697056 /* AudioToolbox.framework in Frameworks */ = {isa = PBXBuildFile; fileRef = A92275471517C094001B78AA /* AudioToolbox.framework */; };
		509D4A8E17EBB24E00697056 /* AVFoundation.framework in Frameworks */ = {isa = PBXBuildFile; fileRef = A92275491517C094001B78AA /* AVFoundation.framework */; };
		509D4A9017EBB24E00697056 /* Foundation.framework in Frameworks */ = {isa = PBXBuildFile; fileRef = A922754D1517C094001B78AA /* Foundation.framework */; };
		509D4A9117EBB24E00697056 /* CoreGraphics.framework in Frameworks */ = {isa = PBXBuildFile; fileRef = A922754F1517C094001B78AA /* CoreGraphics.framework */; };
		509D4ABC17EBB2AB00697056 /* AppController.mm in Sources */ = {isa = PBXBuildFile; fileRef = 509D4AAC17EBB2AB00697056 /* AppController.mm */; };
		509D4AC817EBB2AB00697056 /* main.m in Sources */ = {isa = PBXBuildFile; fileRef = 509D4AB817EBB2AB00697056 /* main.m */; };
		509D4AC917EBB2AB00697056 /* RootViewController.mm in Sources */ = {isa = PBXBuildFile; fileRef = 509D4ABB17EBB2AB00697056 /* RootViewController.mm */; };
		509D4ACF17EBB2BE00697056 /* Icon.icns in Resources */ = {isa = PBXBuildFile; fileRef = 509D4ACB17EBB2BE00697056 /* Icon.icns */; };
		509D4AE717EBB81800697056 /* OpenGL.framework in Frameworks */ = {isa = PBXBuildFile; fileRef = 509D4AE617EBB81800697056 /* OpenGL.framework */; };
		509D4AE917EBB82000697056 /* AppKit.framework in Frameworks */ = {isa = PBXBuildFile; fileRef = 509D4AE817EBB82000697056 /* AppKit.framework */; };
		509D4AEB17EBB82600697056 /* IOKit.framework in Frameworks */ = {isa = PBXBuildFile; fileRef = 509D4AEA17EBB82600697056 /* IOKit.framework */; };
		5436F7391EDDC4C900A0EB64 /* ConfigManager.m in Sources */ = {isa = PBXBuildFile; fileRef = 5436F7381EDDC4C900A0EB64 /* ConfigManager.m */; };
		545204D61EE05CA4000D2D5F /* FacebookInterface.m in Sources */ = {isa = PBXBuildFile; fileRef = 545204D51EE05CA4000D2D5F /* FacebookInterface.m */; };
		545204D91EE060E8000D2D5F /* AdInterface.m in Sources */ = {isa = PBXBuildFile; fileRef = 545204D81EE060E8000D2D5F /* AdInterface.m */; };
		5467F6F41EE5B66800F114AE /* FlurryInterface.m in Sources */ = {isa = PBXBuildFile; fileRef = 5467F6F31EE5B66800F114AE /* FlurryInterface.m */; };
		5475882A1EDC883A00479C6C /* AdsManager.m in Sources */ = {isa = PBXBuildFile; fileRef = 547587E21EDC883A00479C6C /* AdsManager.m */; };
		5475882B1EDC883A00479C6C /* BannerAdmob.m in Sources */ = {isa = PBXBuildFile; fileRef = 547587E61EDC883A00479C6C /* BannerAdmob.m */; };
		5475882C1EDC883A00479C6C /* BannerManager.m in Sources */ = {isa = PBXBuildFile; fileRef = 547587E81EDC883A00479C6C /* BannerManager.m */; };
		5475882D1EDC883A00479C6C /* IAdAccess.m in Sources */ = {isa = PBXBuildFile; fileRef = 547587EB1EDC883A00479C6C /* IAdAccess.m */; };
		5475882E1EDC883A00479C6C /* InterstitialAdmob.m in Sources */ = {isa = PBXBuildFile; fileRef = 547587F01EDC883A00479C6C /* InterstitialAdmob.m */; };
		5475882F1EDC883A00479C6C /* InterstitialManager.m in Sources */ = {isa = PBXBuildFile; fileRef = 547587F31EDC883A00479C6C /* InterstitialManager.m */; };
		547588301EDC883A00479C6C /* GoogleMobileAds.framework in Frameworks */ = {isa = PBXBuildFile; fileRef = 547587F51EDC883A00479C6C /* GoogleMobileAds.framework */; };
		547588321EDC883A00479C6C /* RewardedVideoAdmob.m in Sources */ = {isa = PBXBuildFile; fileRef = 547587FC1EDC883A00479C6C /* RewardedVideoAdmob.m */; };
		547588331EDC883A00479C6C /* RewardedVideoManager.m in Sources */ = {isa = PBXBuildFile; fileRef = 547587FF1EDC883A00479C6C /* RewardedVideoManager.m */; };
		547588341EDC883A00479C6C /* FaceBookManager.m in Sources */ = {isa = PBXBuildFile; fileRef = 547588031EDC883A00479C6C /* FaceBookManager.m */; };
		547588351EDC883A00479C6C /* Bolts.framework in Frameworks */ = {isa = PBXBuildFile; fileRef = 547588051EDC883A00479C6C /* Bolts.framework */; };
		547588361EDC883A00479C6C /* FBSDKCoreKit.framework in Frameworks */ = {isa = PBXBuildFile; fileRef = 547588061EDC883A00479C6C /* FBSDKCoreKit.framework */; };
		547588371EDC883A00479C6C /* FBSDKLoginKit.framework in Frameworks */ = {isa = PBXBuildFile; fileRef = 547588071EDC883A00479C6C /* FBSDKLoginKit.framework */; };
		547588381EDC883A00479C6C /* FBSDKShareKit.framework in Frameworks */ = {isa = PBXBuildFile; fileRef = 547588081EDC883A00479C6C /* FBSDKShareKit.framework */; };
		547588391EDC883A00479C6C /* FlurryManager.m in Sources */ = {isa = PBXBuildFile; fileRef = 5475880B1EDC883A00479C6C /* FlurryManager.m */; };
		5475883A1EDC883A00479C6C /* FlurryEmpty.m in Sources */ = {isa = PBXBuildFile; fileRef = 5475880E1EDC883A00479C6C /* FlurryEmpty.m */; };
		5475883B1EDC883A00479C6C /* libFlurry_8.0.2.a in Frameworks */ = {isa = PBXBuildFile; fileRef = 547588101EDC883A00479C6C /* libFlurry_8.0.2.a */; };
		5475883C1EDC883A00479C6C /* GoogleService-Info.plist in Resources */ = {isa = PBXBuildFile; fileRef = 547588111EDC883A00479C6C /* GoogleService-Info.plist */; };
		547588401EDC883A00479C6C /* InAppWebView.m in Sources */ = {isa = PBXBuildFile; fileRef = 5475881B1EDC883A00479C6C /* InAppWebView.m */; };
		547588411EDC883A00479C6C /* NativeManager.m in Sources */ = {isa = PBXBuildFile; fileRef = 5475881E1EDC883A00479C6C /* NativeManager.m */; };
		547588421EDC883A00479C6C /* Purchase.m in Sources */ = {isa = PBXBuildFile; fileRef = 547588221EDC883A00479C6C /* Purchase.m */; };
		547588431EDC883A00479C6C /* IAPurchaseManager.m in Sources */ = {isa = PBXBuildFile; fileRef = 547588251EDC883A00479C6C /* IAPurchaseManager.m */; };
		547588441EDC883A00479C6C /* Utility.mm in Sources */ = {isa = PBXBuildFile; fileRef = 547588291EDC883A00479C6C /* Utility.mm */; };
		547588491EDC88BF00479C6C /* NativeInterface.m in Sources */ = {isa = PBXBuildFile; fileRef = 547588481EDC88BF00479C6C /* NativeInterface.m */; };
		549093421EE703C700E6533B /* NativeAdManager.m in Sources */ = {isa = PBXBuildFile; fileRef = 549093411EE703C700E6533B /* NativeAdManager.m */; };
		549093491EE7050400E6533B /* NativeAdAdmob.m in Sources */ = {isa = PBXBuildFile; fileRef = 549093481EE7050400E6533B /* NativeAdAdmob.m */; };
		549BF7561ECB50B000333B9D /* libjscocos2d iOS.a in Frameworks */ = {isa = PBXBuildFile; fileRef = C037820918BF76AF00FE4F13 /* libjscocos2d iOS.a */; };
		54D239FD1EE1CC27000865E6 /* Default-568h@2x.png in Resources */ = {isa = PBXBuildFile; fileRef = 54D239E71EE1CC27000865E6 /* Default-568h@2x.png */; };
		54D239FE1EE1CC27000865E6 /* Default-667h@2x.png in Resources */ = {isa = PBXBuildFile; fileRef = 54D239E81EE1CC27000865E6 /* Default-667h@2x.png */; };
		54D239FF1EE1CC27000865E6 /* Default-736h@3x.png in Resources */ = {isa = PBXBuildFile; fileRef = 54D239E91EE1CC27000865E6 /* Default-736h@3x.png */; };
		54D23A011EE1CC27000865E6 /* Default.png in Resources */ = {isa = PBXBuildFile; fileRef = 54D239EB1EE1CC27000865E6 /* Default.png */; };
		54D23A021EE1CC27000865E6 /* Default@2x.png in Resources */ = {isa = PBXBuildFile; fileRef = 54D239EC1EE1CC27000865E6 /* Default@2x.png */; };
		54D23A031EE1CC27000865E6 /* Icon-100.png in Resources */ = {isa = PBXBuildFile; fileRef = 54D239EE1EE1CC27000865E6 /* Icon-100.png */; };
		54D23A041EE1CC27000865E6 /* Icon-114.png in Resources */ = {isa = PBXBuildFile; fileRef = 54D239EF1EE1CC27000865E6 /* Icon-114.png */; };
		54D23A051EE1CC27000865E6 /* Icon-120.png in Resources */ = {isa = PBXBuildFile; fileRef = 54D239F01EE1CC27000865E6 /* Icon-120.png */; };
		54D23A061EE1CC27000865E6 /* Icon-144.png in Resources */ = {isa = PBXBuildFile; fileRef = 54D239F11EE1CC27000865E6 /* Icon-144.png */; };
		54D23A071EE1CC27000865E6 /* Icon-152.png in Resources */ = {isa = PBXBuildFile; fileRef = 54D239F21EE1CC27000865E6 /* Icon-152.png */; };
		54D23A081EE1CC27000865E6 /* Icon-180.png in Resources */ = {isa = PBXBuildFile; fileRef = 54D239F31EE1CC27000865E6 /* Icon-180.png */; };
		54D23A091EE1CC27000865E6 /* Icon-29.png in Resources */ = {isa = PBXBuildFile; fileRef = 54D239F41EE1CC27000865E6 /* Icon-29.png */; };
		54D23A0A1EE1CC27000865E6 /* Icon-40.png in Resources */ = {isa = PBXBuildFile; fileRef = 54D239F51EE1CC27000865E6 /* Icon-40.png */; };
		54D23A0B1EE1CC27000865E6 /* Icon-50.png in Resources */ = {isa = PBXBuildFile; fileRef = 54D239F61EE1CC27000865E6 /* Icon-50.png */; };
		54D23A0C1EE1CC27000865E6 /* Icon-57.png in Resources */ = {isa = PBXBuildFile; fileRef = 54D239F71EE1CC27000865E6 /* Icon-57.png */; };
		54D23A0D1EE1CC27000865E6 /* Icon-58.png in Resources */ = {isa = PBXBuildFile; fileRef = 54D239F81EE1CC27000865E6 /* Icon-58.png */; };
		54D23A0E1EE1CC27000865E6 /* Icon-72.png in Resources */ = {isa = PBXBuildFile; fileRef = 54D239F91EE1CC27000865E6 /* Icon-72.png */; };
		54D23A0F1EE1CC27000865E6 /* Icon-76.png in Resources */ = {isa = PBXBuildFile; fileRef = 54D239FA1EE1CC27000865E6 /* Icon-76.png */; };
		54D23A101EE1CC27000865E6 /* Icon-80.png in Resources */ = {isa = PBXBuildFile; fileRef = 54D239FB1EE1CC27000865E6 /* Icon-80.png */; };
		54D23A111EE1CC27000865E6 /* Icon-87.png in Resources */ = {isa = PBXBuildFile; fileRef = 54D239FC1EE1CC27000865E6 /* Icon-87.png */; };
		54F3BAEA1EE8452700C27AD6 /* IManagerAccess.m in Sources */ = {isa = PBXBuildFile; fileRef = 54F3BAE91EE8452700C27AD6 /* IManagerAccess.m */; };
		54F3BAF01EE855CB00C27AD6 /* ILibraryAccess.m in Sources */ = {isa = PBXBuildFile; fileRef = 54F3BAEF1EE855CB00C27AD6 /* ILibraryAccess.m */; };
		54F3BAF21EE856AB00C27AD6 /* IRewardedVideoAccess.m in Sources */ = {isa = PBXBuildFile; fileRef = 54F3BAF11EE856AB00C27AD6 /* IRewardedVideoAccess.m */; };
		54F3BAF41EE8579400C27AD6 /* IInterstitialAccess.m in Sources */ = {isa = PBXBuildFile; fileRef = 54F3BAF31EE8579400C27AD6 /* IInterstitialAccess.m */; };
		54F3BAF61EE857B100C27AD6 /* IBannerAccess.m in Sources */ = {isa = PBXBuildFile; fileRef = 54F3BAF51EE857B100C27AD6 /* IBannerAccess.m */; };
		54F3BAF81EE857D900C27AD6 /* INativeAdAccess.m in Sources */ = {isa = PBXBuildFile; fileRef = 54F3BAF71EE857D900C27AD6 /* INativeAdAccess.m */; };
		9FA3AE461BE9BBCA00FC9645 /* GameController.framework in Frameworks */ = {isa = PBXBuildFile; fileRef = 9FA3AE451BE9BBCA00FC9645 /* GameController.framework */; };
		A92275421517C094001B78AA /* QuartzCore.framework in Frameworks */ = {isa = PBXBuildFile; fileRef = A92275411517C094001B78AA /* QuartzCore.framework */; };
		A92275441517C094001B78AA /* OpenGLES.framework in Frameworks */ = {isa = PBXBuildFile; fileRef = A92275431517C094001B78AA /* OpenGLES.framework */; };
		A92275461517C094001B78AA /* OpenAL.framework in Frameworks */ = {isa = PBXBuildFile; fileRef = A92275451517C094001B78AA /* OpenAL.framework */; };
		A92275481517C094001B78AA /* AudioToolbox.framework in Frameworks */ = {isa = PBXBuildFile; fileRef = A92275471517C094001B78AA /* AudioToolbox.framework */; };
		A922754A1517C094001B78AA /* AVFoundation.framework in Frameworks */ = {isa = PBXBuildFile; fileRef = A92275491517C094001B78AA /* AVFoundation.framework */; };
		A922754C1517C094001B78AA /* UIKit.framework in Frameworks */ = {isa = PBXBuildFile; fileRef = A922754B1517C094001B78AA /* UIKit.framework */; };
		A922754E1517C094001B78AA /* Foundation.framework in Frameworks */ = {isa = PBXBuildFile; fileRef = A922754D1517C094001B78AA /* Foundation.framework */; };
		A92275501517C094001B78AA /* CoreGraphics.framework in Frameworks */ = {isa = PBXBuildFile; fileRef = A922754F1517C094001B78AA /* CoreGraphics.framework */; };
		BA3A85EC1A724AE900924D24 /* Security.framework in Frameworks */ = {isa = PBXBuildFile; fileRef = BA3A85EB1A724AE900924D24 /* Security.framework */; };
		BA4E718119EB6E3F00932425 /* MediaPlayer.framework in Frameworks */ = {isa = PBXBuildFile; fileRef = BA4E718019EB6E3E00932425 /* MediaPlayer.framework */; };
		BAEE4D841AC40C11003BEB0F /* Security.framework in Frameworks */ = {isa = PBXBuildFile; fileRef = BAEE4D831AC40C11003BEB0F /* Security.framework */; };
		BAF426FB19484B3E002B22EF /* script in Resources */ = {isa = PBXBuildFile; fileRef = BAF426FA19484B3E002B22EF /* script */; };
		BAF426FC19484B3E002B22EF /* script in Resources */ = {isa = PBXBuildFile; fileRef = BAF426FA19484B3E002B22EF /* script */; };
		C03780EB18BEE0E400FE4F13 /* src in Resources */ = {isa = PBXBuildFile; fileRef = C03780EA18BEE0E400FE4F13 /* src */; };
		C03780EC18BEE0E400FE4F13 /* src in Resources */ = {isa = PBXBuildFile; fileRef = C03780EA18BEE0E400FE4F13 /* src */; };
		C037820F18BF77DE00FE4F13 /* libjscocos2d Mac.a in Frameworks */ = {isa = PBXBuildFile; fileRef = C037820718BF76AF00FE4F13 /* libjscocos2d Mac.a */; };
		C06E23CC18CEFE680093C81A /* main.cpp in Sources */ = {isa = PBXBuildFile; fileRef = C06E23CB18CEFE680093C81A /* main.cpp */; };
		C0799CB918BAE62000E9C828 /* res in Resources */ = {isa = PBXBuildFile; fileRef = C0799CB518BAE62000E9C828 /* res */; };
		C0799CBA18BAE62000E9C828 /* res in Resources */ = {isa = PBXBuildFile; fileRef = C0799CB518BAE62000E9C828 /* res */; };
		D454520C156E22BD00887EB5 /* libz.dylib in Frameworks */ = {isa = PBXBuildFile; fileRef = D454520B156E22BD00887EB5 /* libz.dylib */; };
		D4545227156E28EF00887EB5 /* AppDelegate.cpp in Sources */ = {isa = PBXBuildFile; fileRef = D4545215156E28EF00887EB5 /* AppDelegate.cpp */; };
		D6B061241803AB9F0077942B /* CoreMotion.framework in Frameworks */ = {isa = PBXBuildFile; fileRef = D6B061231803AB9F0077942B /* CoreMotion.framework */; };
		ED545A821B68A21500C3958E /* libiconv.dylib in Frameworks */ = {isa = PBXBuildFile; fileRef = ED545A811B68A21500C3958E /* libiconv.dylib */; };
		ED545A841B68A21C00C3958E /* libiconv.dylib in Frameworks */ = {isa = PBXBuildFile; fileRef = ED545A831B68A21C00C3958E /* libiconv.dylib */; };
/* End PBXBuildFile section */

/* Begin PBXContainerItemProxy section */
		1A67681F180E9BF70076BC67 /* PBXContainerItemProxy */ = {
			isa = PBXContainerItemProxy;
			containerPortal = 1AC6FB34180E9ACB004C840B /* cocos2d_libs.xcodeproj */;
			proxyType = 1;
			remoteGlobalIDString = 1551A33E158F2AB200E66CFE;
			remoteInfo = "cocos2dx Mac";
		};
		1A67682E180E9C110076BC67 /* PBXContainerItemProxy */ = {
			isa = PBXContainerItemProxy;
			containerPortal = 1AC6FB34180E9ACB004C840B /* cocos2d_libs.xcodeproj */;
			proxyType = 1;
			remoteGlobalIDString = A07A4C241783777C0073F6A7;
			remoteInfo = "cocos2dx iOS";
		};
		1AC6FB47180E9ACB004C840B /* PBXContainerItemProxy */ = {
			isa = PBXContainerItemProxy;
			containerPortal = 1AC6FB34180E9ACB004C840B /* cocos2d_libs.xcodeproj */;
			proxyType = 2;
			remoteGlobalIDString = 1551A33F158F2AB200E66CFE;
			remoteInfo = "cocos2dx Mac";
		};
		1AC6FB55180E9ACB004C840B /* PBXContainerItemProxy */ = {
			isa = PBXContainerItemProxy;
			containerPortal = 1AC6FB34180E9ACB004C840B /* cocos2d_libs.xcodeproj */;
			proxyType = 2;
			remoteGlobalIDString = A07A4D641783777C0073F6A7;
			remoteInfo = "cocos2dx iOS";
		};
		546ADB331EA6622500BBB58C /* PBXContainerItemProxy */ = {
			isa = PBXContainerItemProxy;
			containerPortal = C037820118BF76AF00FE4F13 /* cocos2d_js_bindings.xcodeproj */;
			proxyType = 2;
			remoteGlobalIDString = 507B427D1C31DCC60067B53E;
			remoteInfo = "libjscocos2d tvOS";
		};
		546ADB361EA6622500BBB58C /* PBXContainerItemProxy */ = {
			isa = PBXContainerItemProxy;
			containerPortal = 1AC6FB34180E9ACB004C840B /* cocos2d_libs.xcodeproj */;
			proxyType = 2;
			remoteGlobalIDString = 507B40FD1C31BDD30067B53E;
			remoteInfo = "libcocos2d tvOS";
		};
		C037820618BF76AF00FE4F13 /* PBXContainerItemProxy */ = {
			isa = PBXContainerItemProxy;
			containerPortal = C037820118BF76AF00FE4F13 /* cocos2d_js_bindings.xcodeproj */;
			proxyType = 2;
			remoteGlobalIDString = 1A5410A418B785A10016A3AF;
			remoteInfo = "jsbindings Mac";
		};
		C037820818BF76AF00FE4F13 /* PBXContainerItemProxy */ = {
			isa = PBXContainerItemProxy;
			containerPortal = C037820118BF76AF00FE4F13 /* cocos2d_js_bindings.xcodeproj */;
			proxyType = 2;
			remoteGlobalIDString = 1A5410A518B785A10016A3AF;
			remoteInfo = "jsbindings iOS";
		};
		C037820A18BF77BC00FE4F13 /* PBXContainerItemProxy */ = {
			isa = PBXContainerItemProxy;
			containerPortal = C037820118BF76AF00FE4F13 /* cocos2d_js_bindings.xcodeproj */;
			proxyType = 1;
			remoteGlobalIDString = A07A4FB5178387750073F6A7;
			remoteInfo = "jsbindings iOS";
		};
		C037820D18BF77D100FE4F13 /* PBXContainerItemProxy */ = {
			isa = PBXContainerItemProxy;
			containerPortal = C037820118BF76AF00FE4F13 /* cocos2d_js_bindings.xcodeproj */;
			proxyType = 1;
			remoteGlobalIDString = A03F31E81781479B006731B9;
			remoteInfo = "jsbindings Mac";
		};
/* End PBXContainerItemProxy section */

/* Begin PBXFileReference section */
		1A1A081B18C9DF05005C6854 /* project.json */ = {isa = PBXFileReference; lastKnownFileType = text.json; name = project.json; path = ../../../project.json; sourceTree = "<group>"; };
		1A6BF21418C9DB5900FB0E1C /* main.js */ = {isa = PBXFileReference; fileEncoding = 4; lastKnownFileType = sourcecode.javascript; name = main.js; path = ../../../main.js; sourceTree = "<group>"; };
		1A82F5FA169AC92500C4B13A /* libsqlite3.dylib */ = {isa = PBXFileReference; lastKnownFileType = "compiled.mach-o.dylib"; name = libsqlite3.dylib; path = usr/lib/libsqlite3.dylib; sourceTree = SDKROOT; };
		1A96A4F2174A3432008653A9 /* libcurl.a */ = {isa = PBXFileReference; lastKnownFileType = archive.ar; name = libcurl.a; path = "../../cocos2d-x/cocos2dx/platform/third_party/ios/libraries/libcurl.a"; sourceTree = "<group>"; };
		1AC6FB34180E9ACB004C840B /* cocos2d_libs.xcodeproj */ = {isa = PBXFileReference; lastKnownFileType = "wrapper.pb-project"; name = cocos2d_libs.xcodeproj; path = "../../cocos2d-x/build/cocos2d_libs.xcodeproj"; sourceTree = "<group>"; };
		294D0D671D0D56F400F7F5D4 /* CoreText.framework */ = {isa = PBXFileReference; lastKnownFileType = wrapper.framework; name = CoreText.framework; path = Platforms/iPhoneOS.platform/Developer/SDKs/iPhoneOS9.3.sdk/System/Library/Frameworks/CoreText.framework; sourceTree = DEVELOPER_DIR; };
		502380DB17EBB88200990C9B /* libcurl.dylib */ = {isa = PBXFileReference; lastKnownFileType = "compiled.mach-o.dylib"; name = libcurl.dylib; path = usr/lib/libcurl.dylib; sourceTree = SDKROOT; };
		509D4AAA17EBB24E00697056 /* HotFixer-desktop.app */ = {isa = PBXFileReference; explicitFileType = wrapper.application; includeInIndex = 0; path = "HotFixer-desktop.app"; sourceTree = BUILT_PRODUCTS_DIR; };
		509D4AAB17EBB2AB00697056 /* AppController.h */ = {isa = PBXFileReference; fileEncoding = 4; lastKnownFileType = sourcecode.c.h; name = AppController.h; path = ios/AppController.h; sourceTree = "<group>"; };
		509D4AAC17EBB2AB00697056 /* AppController.mm */ = {isa = PBXFileReference; fileEncoding = 4; lastKnownFileType = sourcecode.cpp.objcpp; name = AppController.mm; path = ios/AppController.mm; sourceTree = "<group>"; };
		509D4AB717EBB2AB00697056 /* Info.plist */ = {isa = PBXFileReference; fileEncoding = 4; lastKnownFileType = text.plist.xml; name = Info.plist; path = ios/Info.plist; sourceTree = "<group>"; };
		509D4AB817EBB2AB00697056 /* main.m */ = {isa = PBXFileReference; fileEncoding = 4; lastKnownFileType = sourcecode.c.objc; name = main.m; path = ios/main.m; sourceTree = "<group>"; };
		509D4AB917EBB2AB00697056 /* Prefix.pch */ = {isa = PBXFileReference; fileEncoding = 4; lastKnownFileType = sourcecode.c.h; name = Prefix.pch; path = ios/Prefix.pch; sourceTree = "<group>"; };
		509D4ABA17EBB2AB00697056 /* RootViewController.h */ = {isa = PBXFileReference; fileEncoding = 4; lastKnownFileType = sourcecode.c.h; name = RootViewController.h; path = ios/RootViewController.h; sourceTree = "<group>"; };
		509D4ABB17EBB2AB00697056 /* RootViewController.mm */ = {isa = PBXFileReference; fileEncoding = 4; lastKnownFileType = sourcecode.cpp.objcpp; name = RootViewController.mm; path = ios/RootViewController.mm; sourceTree = "<group>"; };
		509D4ACB17EBB2BE00697056 /* Icon.icns */ = {isa = PBXFileReference; lastKnownFileType = image.icns; path = Icon.icns; sourceTree = "<group>"; };
		509D4ACC17EBB2BE00697056 /* Info.plist */ = {isa = PBXFileReference; fileEncoding = 4; lastKnownFileType = text.plist.xml; path = Info.plist; sourceTree = "<group>"; };
		509D4ACE17EBB2BE00697056 /* Prefix.pch */ = {isa = PBXFileReference; fileEncoding = 4; lastKnownFileType = sourcecode.c.h; path = Prefix.pch; sourceTree = "<group>"; };
		509D4AE617EBB81800697056 /* OpenGL.framework */ = {isa = PBXFileReference; lastKnownFileType = wrapper.framework; name = OpenGL.framework; path = System/Library/Frameworks/OpenGL.framework; sourceTree = SDKROOT; };
		509D4AE817EBB82000697056 /* AppKit.framework */ = {isa = PBXFileReference; lastKnownFileType = wrapper.framework; name = AppKit.framework; path = System/Library/Frameworks/AppKit.framework; sourceTree = SDKROOT; };
		509D4AEA17EBB82600697056 /* IOKit.framework */ = {isa = PBXFileReference; lastKnownFileType = wrapper.framework; name = IOKit.framework; path = System/Library/Frameworks/IOKit.framework; sourceTree = SDKROOT; };
		5436F7371EDDC4C900A0EB64 /* ConfigManager.h */ = {isa = PBXFileReference; fileEncoding = 4; lastKnownFileType = sourcecode.c.h; path = ConfigManager.h; sourceTree = "<group>"; };
		5436F7381EDDC4C900A0EB64 /* ConfigManager.m */ = {isa = PBXFileReference; fileEncoding = 4; lastKnownFileType = sourcecode.c.objc; path = ConfigManager.m; sourceTree = "<group>"; };
		545204D41EE05CA4000D2D5F /* FacebookInterface.h */ = {isa = PBXFileReference; fileEncoding = 4; lastKnownFileType = sourcecode.c.h; path = FacebookInterface.h; sourceTree = "<group>"; };
		545204D51EE05CA4000D2D5F /* FacebookInterface.m */ = {isa = PBXFileReference; fileEncoding = 4; lastKnownFileType = sourcecode.c.objc; path = FacebookInterface.m; sourceTree = "<group>"; };
		545204D71EE060E8000D2D5F /* AdInterface.h */ = {isa = PBXFileReference; fileEncoding = 4; lastKnownFileType = sourcecode.c.h; path = AdInterface.h; sourceTree = "<group>"; };
		545204D81EE060E8000D2D5F /* AdInterface.m */ = {isa = PBXFileReference; fileEncoding = 4; lastKnownFileType = sourcecode.c.objc; path = AdInterface.m; sourceTree = "<group>"; };
		5467F6F21EE5B66800F114AE /* FlurryInterface.h */ = {isa = PBXFileReference; fileEncoding = 4; lastKnownFileType = sourcecode.c.h; path = FlurryInterface.h; sourceTree = "<group>"; };
		5467F6F31EE5B66800F114AE /* FlurryInterface.m */ = {isa = PBXFileReference; fileEncoding = 4; lastKnownFileType = sourcecode.c.objc; path = FlurryInterface.m; sourceTree = "<group>"; };
		547587E01EDC883A00479C6C /* AdListener.h */ = {isa = PBXFileReference; fileEncoding = 4; lastKnownFileType = sourcecode.c.h; path = AdListener.h; sourceTree = "<group>"; };
		547587E11EDC883A00479C6C /* AdsManager.h */ = {isa = PBXFileReference; fileEncoding = 4; lastKnownFileType = sourcecode.c.h; path = AdsManager.h; sourceTree = "<group>"; };
		547587E21EDC883A00479C6C /* AdsManager.m */ = {isa = PBXFileReference; fileEncoding = 4; lastKnownFileType = sourcecode.c.objc; path = AdsManager.m; sourceTree = "<group>"; };
		547587E51EDC883A00479C6C /* BannerAdmob.h */ = {isa = PBXFileReference; fileEncoding = 4; lastKnownFileType = sourcecode.c.h; path = BannerAdmob.h; sourceTree = "<group>"; };
		547587E61EDC883A00479C6C /* BannerAdmob.m */ = {isa = PBXFileReference; fileEncoding = 4; lastKnownFileType = sourcecode.c.objc; path = BannerAdmob.m; sourceTree = "<group>"; };
		547587E71EDC883A00479C6C /* BannerManager.h */ = {isa = PBXFileReference; fileEncoding = 4; lastKnownFileType = sourcecode.c.h; path = BannerManager.h; sourceTree = "<group>"; };
		547587E81EDC883A00479C6C /* BannerManager.m */ = {isa = PBXFileReference; fileEncoding = 4; lastKnownFileType = sourcecode.c.objc; path = BannerManager.m; sourceTree = "<group>"; };
		547587E91EDC883A00479C6C /* IBannerAccess.h */ = {isa = PBXFileReference; fileEncoding = 4; lastKnownFileType = sourcecode.c.h; path = IBannerAccess.h; sourceTree = "<group>"; };
		547587EA1EDC883A00479C6C /* IAdAccess.h */ = {isa = PBXFileReference; fileEncoding = 4; lastKnownFileType = sourcecode.c.h; path = IAdAccess.h; sourceTree = "<group>"; };
		547587EB1EDC883A00479C6C /* IAdAccess.m */ = {isa = PBXFileReference; fileEncoding = 4; lastKnownFileType = sourcecode.c.objc; path = IAdAccess.m; sourceTree = "<group>"; };
		547587EC1EDC883A00479C6C /* IManagerAccess.h */ = {isa = PBXFileReference; fileEncoding = 4; lastKnownFileType = sourcecode.c.h; path = IManagerAccess.h; sourceTree = "<group>"; };
		547587EF1EDC883A00479C6C /* InterstitialAdmob.h */ = {isa = PBXFileReference; fileEncoding = 4; lastKnownFileType = sourcecode.c.h; path = InterstitialAdmob.h; sourceTree = "<group>"; };
		547587F01EDC883A00479C6C /* InterstitialAdmob.m */ = {isa = PBXFileReference; fileEncoding = 4; lastKnownFileType = sourcecode.c.objc; path = InterstitialAdmob.m; sourceTree = "<group>"; };
		547587F11EDC883A00479C6C /* IInterstitialAccess.h */ = {isa = PBXFileReference; fileEncoding = 4; lastKnownFileType = sourcecode.c.h; path = IInterstitialAccess.h; sourceTree = "<group>"; };
		547587F21EDC883A00479C6C /* InterstitialManager.h */ = {isa = PBXFileReference; fileEncoding = 4; lastKnownFileType = sourcecode.c.h; path = InterstitialManager.h; sourceTree = "<group>"; };
		547587F31EDC883A00479C6C /* InterstitialManager.m */ = {isa = PBXFileReference; fileEncoding = 4; lastKnownFileType = sourcecode.c.objc; path = InterstitialManager.m; sourceTree = "<group>"; };
		547587F51EDC883A00479C6C /* GoogleMobileAds.framework */ = {isa = PBXFileReference; lastKnownFileType = wrapper.framework; path = GoogleMobileAds.framework; sourceTree = "<group>"; };
		547587FB1EDC883A00479C6C /* RewardedVideoAdmob.h */ = {isa = PBXFileReference; fileEncoding = 4; lastKnownFileType = sourcecode.c.h; path = RewardedVideoAdmob.h; sourceTree = "<group>"; };
		547587FC1EDC883A00479C6C /* RewardedVideoAdmob.m */ = {isa = PBXFileReference; fileEncoding = 4; lastKnownFileType = sourcecode.c.objc; path = RewardedVideoAdmob.m; sourceTree = "<group>"; };
		547587FD1EDC883A00479C6C /* IRewardedVideoAccess.h */ = {isa = PBXFileReference; fileEncoding = 4; lastKnownFileType = sourcecode.c.h; path = IRewardedVideoAccess.h; sourceTree = "<group>"; };
		547587FE1EDC883A00479C6C /* RewardedVideoManager.h */ = {isa = PBXFileReference; fileEncoding = 4; lastKnownFileType = sourcecode.c.h; path = RewardedVideoManager.h; sourceTree = "<group>"; };
		547587FF1EDC883A00479C6C /* RewardedVideoManager.m */ = {isa = PBXFileReference; fileEncoding = 4; lastKnownFileType = sourcecode.c.objc; path = RewardedVideoManager.m; sourceTree = "<group>"; };
		547588021EDC883A00479C6C /* FaceBookManager.h */ = {isa = PBXFileReference; fileEncoding = 4; lastKnownFileType = sourcecode.c.h; path = FaceBookManager.h; sourceTree = "<group>"; };
		547588031EDC883A00479C6C /* FaceBookManager.m */ = {isa = PBXFileReference; fileEncoding = 4; lastKnownFileType = sourcecode.c.objc; path = FaceBookManager.m; sourceTree = "<group>"; };
		547588051EDC883A00479C6C /* Bolts.framework */ = {isa = PBXFileReference; lastKnownFileType = wrapper.framework; path = Bolts.framework; sourceTree = "<group>"; };
		547588061EDC883A00479C6C /* FBSDKCoreKit.framework */ = {isa = PBXFileReference; lastKnownFileType = wrapper.framework; path = FBSDKCoreKit.framework; sourceTree = "<group>"; };
		547588071EDC883A00479C6C /* FBSDKLoginKit.framework */ = {isa = PBXFileReference; lastKnownFileType = wrapper.framework; path = FBSDKLoginKit.framework; sourceTree = "<group>"; };
		547588081EDC883A00479C6C /* FBSDKShareKit.framework */ = {isa = PBXFileReference; lastKnownFileType = wrapper.framework; path = FBSDKShareKit.framework; sourceTree = "<group>"; };
		5475880A1EDC883A00479C6C /* FlurryManager.h */ = {isa = PBXFileReference; fileEncoding = 4; lastKnownFileType = sourcecode.c.h; path = FlurryManager.h; sourceTree = "<group>"; };
		5475880B1EDC883A00479C6C /* FlurryManager.m */ = {isa = PBXFileReference; fileEncoding = 4; lastKnownFileType = sourcecode.c.objc; path = FlurryManager.m; sourceTree = "<group>"; };
		5475880D1EDC883A00479C6C /* Flurry.h */ = {isa = PBXFileReference; fileEncoding = 4; lastKnownFileType = sourcecode.c.h; path = Flurry.h; sourceTree = "<group>"; };
		5475880E1EDC883A00479C6C /* FlurryEmpty.m */ = {isa = PBXFileReference; fileEncoding = 4; lastKnownFileType = sourcecode.c.objc; path = FlurryEmpty.m; sourceTree = "<group>"; };
		5475880F1EDC883A00479C6C /* FlurrySessionBuilder.h */ = {isa = PBXFileReference; fileEncoding = 4; lastKnownFileType = sourcecode.c.h; path = FlurrySessionBuilder.h; sourceTree = "<group>"; };
		547588101EDC883A00479C6C /* libFlurry_8.0.2.a */ = {isa = PBXFileReference; lastKnownFileType = archive.ar; path = libFlurry_8.0.2.a; sourceTree = "<group>"; };
		547588111EDC883A00479C6C /* GoogleService-Info.plist */ = {isa = PBXFileReference; fileEncoding = 4; lastKnownFileType = text.plist.xml; path = "GoogleService-Info.plist"; sourceTree = "<group>"; };
		5475881A1EDC883A00479C6C /* InAppWebView.h */ = {isa = PBXFileReference; fileEncoding = 4; lastKnownFileType = sourcecode.c.h; path = InAppWebView.h; sourceTree = "<group>"; };
		5475881B1EDC883A00479C6C /* InAppWebView.m */ = {isa = PBXFileReference; fileEncoding = 4; lastKnownFileType = sourcecode.c.objc; path = InAppWebView.m; sourceTree = "<group>"; };
		5475881D1EDC883A00479C6C /* NativeManager.h */ = {isa = PBXFileReference; fileEncoding = 4; lastKnownFileType = sourcecode.c.h; path = NativeManager.h; sourceTree = "<group>"; };
		5475881E1EDC883A00479C6C /* NativeManager.m */ = {isa = PBXFileReference; fileEncoding = 4; lastKnownFileType = sourcecode.c.objc; path = NativeManager.m; sourceTree = "<group>"; };
		547588211EDC883A00479C6C /* Purchase.h */ = {isa = PBXFileReference; fileEncoding = 4; lastKnownFileType = sourcecode.c.h; path = Purchase.h; sourceTree = "<group>"; };
		547588221EDC883A00479C6C /* Purchase.m */ = {isa = PBXFileReference; fileEncoding = 4; lastKnownFileType = sourcecode.c.objc; path = Purchase.m; sourceTree = "<group>"; };
		547588231EDC883A00479C6C /* PurchasedDelegate.h */ = {isa = PBXFileReference; fileEncoding = 4; lastKnownFileType = sourcecode.c.h; path = PurchasedDelegate.h; sourceTree = "<group>"; };
		547588241EDC883A00479C6C /* IAPurchaseManager.h */ = {isa = PBXFileReference; fileEncoding = 4; lastKnownFileType = sourcecode.c.h; path = IAPurchaseManager.h; sourceTree = "<group>"; };
		547588251EDC883A00479C6C /* IAPurchaseManager.m */ = {isa = PBXFileReference; fileEncoding = 4; lastKnownFileType = sourcecode.c.objc; path = IAPurchaseManager.m; sourceTree = "<group>"; };
		547588281EDC883A00479C6C /* Utility.h */ = {isa = PBXFileReference; fileEncoding = 4; lastKnownFileType = sourcecode.c.h; path = Utility.h; sourceTree = "<group>"; };
		547588291EDC883A00479C6C /* Utility.mm */ = {isa = PBXFileReference; fileEncoding = 4; lastKnownFileType = sourcecode.cpp.objcpp; path = Utility.mm; sourceTree = "<group>"; };
		547588471EDC88BF00479C6C /* NativeInterface.h */ = {isa = PBXFileReference; fileEncoding = 4; lastKnownFileType = sourcecode.c.h; path = NativeInterface.h; sourceTree = "<group>"; };
		547588481EDC88BF00479C6C /* NativeInterface.m */ = {isa = PBXFileReference; fileEncoding = 4; lastKnownFileType = sourcecode.c.objc; path = NativeInterface.m; sourceTree = "<group>"; };
		549093401EE703C700E6533B /* NativeAdManager.h */ = {isa = PBXFileReference; fileEncoding = 4; lastKnownFileType = sourcecode.c.h; path = NativeAdManager.h; sourceTree = "<group>"; };
		549093411EE703C700E6533B /* NativeAdManager.m */ = {isa = PBXFileReference; fileEncoding = 4; lastKnownFileType = sourcecode.c.objc; path = NativeAdManager.m; sourceTree = "<group>"; };
		549093431EE703DC00E6533B /* INativeAdAccess.h */ = {isa = PBXFileReference; fileEncoding = 4; lastKnownFileType = sourcecode.c.h; path = INativeAdAccess.h; sourceTree = "<group>"; };
		549093471EE7050400E6533B /* NativeAdAdmob.h */ = {isa = PBXFileReference; fileEncoding = 4; lastKnownFileType = sourcecode.c.h; path = NativeAdAdmob.h; sourceTree = "<group>"; };
		549093481EE7050400E6533B /* NativeAdAdmob.m */ = {isa = PBXFileReference; fileEncoding = 4; lastKnownFileType = sourcecode.c.objc; path = NativeAdAdmob.m; sourceTree = "<group>"; };
		54D239E71EE1CC27000865E6 /* Default-568h@2x.png */ = {isa = PBXFileReference; lastKnownFileType = image.png; path = "Default-568h@2x.png"; sourceTree = "<group>"; };
		54D239E81EE1CC27000865E6 /* Default-667h@2x.png */ = {isa = PBXFileReference; lastKnownFileType = image.png; path = "Default-667h@2x.png"; sourceTree = "<group>"; };
		54D239E91EE1CC27000865E6 /* Default-736h@3x.png */ = {isa = PBXFileReference; lastKnownFileType = image.png; path = "Default-736h@3x.png"; sourceTree = "<group>"; };
		54D239EB1EE1CC27000865E6 /* Default.png */ = {isa = PBXFileReference; lastKnownFileType = image.png; path = Default.png; sourceTree = "<group>"; };
		54D239EC1EE1CC27000865E6 /* Default@2x.png */ = {isa = PBXFileReference; lastKnownFileType = image.png; path = "Default@2x.png"; sourceTree = "<group>"; };
		54D239EE1EE1CC27000865E6 /* Icon-100.png */ = {isa = PBXFileReference; lastKnownFileType = image.png; path = "Icon-100.png"; sourceTree = "<group>"; };
		54D239EF1EE1CC27000865E6 /* Icon-114.png */ = {isa = PBXFileReference; lastKnownFileType = image.png; path = "Icon-114.png"; sourceTree = "<group>"; };
		54D239F01EE1CC27000865E6 /* Icon-120.png */ = {isa = PBXFileReference; lastKnownFileType = image.png; path = "Icon-120.png"; sourceTree = "<group>"; };
		54D239F11EE1CC27000865E6 /* Icon-144.png */ = {isa = PBXFileReference; lastKnownFileType = image.png; path = "Icon-144.png"; sourceTree = "<group>"; };
		54D239F21EE1CC27000865E6 /* Icon-152.png */ = {isa = PBXFileReference; lastKnownFileType = image.png; path = "Icon-152.png"; sourceTree = "<group>"; };
		54D239F31EE1CC27000865E6 /* Icon-180.png */ = {isa = PBXFileReference; lastKnownFileType = image.png; path = "Icon-180.png"; sourceTree = "<group>"; };
		54D239F41EE1CC27000865E6 /* Icon-29.png */ = {isa = PBXFileReference; lastKnownFileType = image.png; path = "Icon-29.png"; sourceTree = "<group>"; };
		54D239F51EE1CC27000865E6 /* Icon-40.png */ = {isa = PBXFileReference; lastKnownFileType = image.png; path = "Icon-40.png"; sourceTree = "<group>"; };
		54D239F61EE1CC27000865E6 /* Icon-50.png */ = {isa = PBXFileReference; lastKnownFileType = image.png; path = "Icon-50.png"; sourceTree = "<group>"; };
		54D239F71EE1CC27000865E6 /* Icon-57.png */ = {isa = PBXFileReference; lastKnownFileType = image.png; path = "Icon-57.png"; sourceTree = "<group>"; };
		54D239F81EE1CC27000865E6 /* Icon-58.png */ = {isa = PBXFileReference; lastKnownFileType = image.png; path = "Icon-58.png"; sourceTree = "<group>"; };
		54D239F91EE1CC27000865E6 /* Icon-72.png */ = {isa = PBXFileReference; lastKnownFileType = image.png; path = "Icon-72.png"; sourceTree = "<group>"; };
		54D239FA1EE1CC27000865E6 /* Icon-76.png */ = {isa = PBXFileReference; lastKnownFileType = image.png; path = "Icon-76.png"; sourceTree = "<group>"; };
		54D239FB1EE1CC27000865E6 /* Icon-80.png */ = {isa = PBXFileReference; lastKnownFileType = image.png; path = "Icon-80.png"; sourceTree = "<group>"; };
		54D239FC1EE1CC27000865E6 /* Icon-87.png */ = {isa = PBXFileReference; lastKnownFileType = image.png; path = "Icon-87.png"; sourceTree = "<group>"; };
		54F3BAE91EE8452700C27AD6 /* IManagerAccess.m */ = {isa = PBXFileReference; fileEncoding = 4; lastKnownFileType = sourcecode.c.objc; path = IManagerAccess.m; sourceTree = "<group>"; };
		54F3BAEE1EE855CB00C27AD6 /* ILibraryAccess.h */ = {isa = PBXFileReference; fileEncoding = 4; lastKnownFileType = sourcecode.c.h; path = ILibraryAccess.h; sourceTree = "<group>"; };
		54F3BAEF1EE855CB00C27AD6 /* ILibraryAccess.m */ = {isa = PBXFileReference; fileEncoding = 4; lastKnownFileType = sourcecode.c.objc; path = ILibraryAccess.m; sourceTree = "<group>"; };
		54F3BAF11EE856AB00C27AD6 /* IRewardedVideoAccess.m */ = {isa = PBXFileReference; fileEncoding = 4; lastKnownFileType = sourcecode.c.objc; path = IRewardedVideoAccess.m; sourceTree = "<group>"; };
		54F3BAF31EE8579400C27AD6 /* IInterstitialAccess.m */ = {isa = PBXFileReference; fileEncoding = 4; lastKnownFileType = sourcecode.c.objc; path = IInterstitialAccess.m; sourceTree = "<group>"; };
		54F3BAF51EE857B100C27AD6 /* IBannerAccess.m */ = {isa = PBXFileReference; fileEncoding = 4; lastKnownFileType = sourcecode.c.objc; path = IBannerAccess.m; sourceTree = "<group>"; };
		54F3BAF71EE857D900C27AD6 /* INativeAdAccess.m */ = {isa = PBXFileReference; fileEncoding = 4; lastKnownFileType = sourcecode.c.objc; path = INativeAdAccess.m; sourceTree = "<group>"; };
		9FA3AE451BE9BBCA00FC9645 /* GameController.framework */ = {isa = PBXFileReference; lastKnownFileType = wrapper.framework; name = GameController.framework; path = Platforms/iPhoneOS.platform/Developer/SDKs/iPhoneOS8.0.sdk/System/Library/Frameworks/GameController.framework; sourceTree = DEVELOPER_DIR; };
		A922753D1517C094001B78AA /* HotFixer-mobile.app */ = {isa = PBXFileReference; explicitFileType = wrapper.application; includeInIndex = 0; path = "HotFixer-mobile.app"; sourceTree = BUILT_PRODUCTS_DIR; };
		A92275411517C094001B78AA /* QuartzCore.framework */ = {isa = PBXFileReference; lastKnownFileType = wrapper.framework; name = QuartzCore.framework; path = System/Library/Frameworks/QuartzCore.framework; sourceTree = SDKROOT; };
		A92275431517C094001B78AA /* OpenGLES.framework */ = {isa = PBXFileReference; lastKnownFileType = wrapper.framework; name = OpenGLES.framework; path = System/Library/Frameworks/OpenGLES.framework; sourceTree = SDKROOT; };
		A92275451517C094001B78AA /* OpenAL.framework */ = {isa = PBXFileReference; lastKnownFileType = wrapper.framework; name = OpenAL.framework; path = System/Library/Frameworks/OpenAL.framework; sourceTree = SDKROOT; };
		A92275471517C094001B78AA /* AudioToolbox.framework */ = {isa = PBXFileReference; lastKnownFileType = wrapper.framework; name = AudioToolbox.framework; path = System/Library/Frameworks/AudioToolbox.framework; sourceTree = SDKROOT; };
		A92275491517C094001B78AA /* AVFoundation.framework */ = {isa = PBXFileReference; lastKnownFileType = wrapper.framework; name = AVFoundation.framework; path = System/Library/Frameworks/AVFoundation.framework; sourceTree = SDKROOT; };
		A922754B1517C094001B78AA /* UIKit.framework */ = {isa = PBXFileReference; lastKnownFileType = wrapper.framework; name = UIKit.framework; path = System/Library/Frameworks/UIKit.framework; sourceTree = SDKROOT; };
		A922754D1517C094001B78AA /* Foundation.framework */ = {isa = PBXFileReference; lastKnownFileType = wrapper.framework; name = Foundation.framework; path = System/Library/Frameworks/Foundation.framework; sourceTree = SDKROOT; };
		A922754F1517C094001B78AA /* CoreGraphics.framework */ = {isa = PBXFileReference; lastKnownFileType = wrapper.framework; name = CoreGraphics.framework; path = System/Library/Frameworks/CoreGraphics.framework; sourceTree = SDKROOT; };
		BA3A85EB1A724AE900924D24 /* Security.framework */ = {isa = PBXFileReference; lastKnownFileType = wrapper.framework; name = Security.framework; path = Platforms/iPhoneOS.platform/Developer/SDKs/iPhoneOS8.1.sdk/System/Library/Frameworks/Security.framework; sourceTree = DEVELOPER_DIR; };
		BA4E718019EB6E3E00932425 /* MediaPlayer.framework */ = {isa = PBXFileReference; lastKnownFileType = wrapper.framework; name = MediaPlayer.framework; path = Platforms/iPhoneOS.platform/Developer/SDKs/iPhoneOS8.0.sdk/System/Library/Frameworks/MediaPlayer.framework; sourceTree = DEVELOPER_DIR; };
		BAEE4D831AC40C11003BEB0F /* Security.framework */ = {isa = PBXFileReference; lastKnownFileType = wrapper.framework; name = Security.framework; path = System/Library/Frameworks/Security.framework; sourceTree = SDKROOT; };
		BAF426FA19484B3E002B22EF /* script */ = {isa = PBXFileReference; lastKnownFileType = folder; name = script; path = "../../cocos2d-x/cocos/scripting/js-bindings/script"; sourceTree = "<group>"; };
		C03780EA18BEE0E400FE4F13 /* src */ = {isa = PBXFileReference; lastKnownFileType = folder; name = src; path = ../../../src; sourceTree = "<group>"; };
		C037820118BF76AF00FE4F13 /* cocos2d_js_bindings.xcodeproj */ = {isa = PBXFileReference; lastKnownFileType = "wrapper.pb-project"; name = cocos2d_js_bindings.xcodeproj; path = "../../cocos2d-x/cocos/scripting/js-bindings/proj.ios_mac/cocos2d_js_bindings.xcodeproj"; sourceTree = "<group>"; };
		C06E23CB18CEFE680093C81A /* main.cpp */ = {isa = PBXFileReference; fileEncoding = 4; lastKnownFileType = sourcecode.cpp.cpp; path = main.cpp; sourceTree = "<group>"; };
		C0799CB518BAE62000E9C828 /* res */ = {isa = PBXFileReference; lastKnownFileType = folder; name = res; path = ../../../res; sourceTree = "<group>"; };
		D454520B156E22BD00887EB5 /* libz.dylib */ = {isa = PBXFileReference; lastKnownFileType = "compiled.mach-o.dylib"; name = libz.dylib; path = usr/lib/libz.dylib; sourceTree = SDKROOT; };
		D4545215156E28EF00887EB5 /* AppDelegate.cpp */ = {isa = PBXFileReference; fileEncoding = 4; lastKnownFileType = sourcecode.cpp.cpp; path = AppDelegate.cpp; sourceTree = "<group>"; };
		D4545216156E28EF00887EB5 /* AppDelegate.h */ = {isa = PBXFileReference; fileEncoding = 4; lastKnownFileType = sourcecode.c.h; path = AppDelegate.h; sourceTree = "<group>"; };
		D6B061231803AB9F0077942B /* CoreMotion.framework */ = {isa = PBXFileReference; lastKnownFileType = wrapper.framework; name = CoreMotion.framework; path = Platforms/iPhoneOS.platform/Developer/SDKs/iPhoneOS7.0.sdk/System/Library/Frameworks/CoreMotion.framework; sourceTree = DEVELOPER_DIR; };
		ED545A811B68A21500C3958E /* libiconv.dylib */ = {isa = PBXFileReference; lastKnownFileType = "compiled.mach-o.dylib"; name = libiconv.dylib; path = Platforms/iPhoneOS.platform/Developer/SDKs/iPhoneOS8.4.sdk/usr/lib/libiconv.dylib; sourceTree = DEVELOPER_DIR; };
		ED545A831B68A21C00C3958E /* libiconv.dylib */ = {isa = PBXFileReference; lastKnownFileType = "compiled.mach-o.dylib"; name = libiconv.dylib; path = usr/lib/libiconv.dylib; sourceTree = SDKROOT; };
/* End PBXFileReference section */

/* Begin PBXFrameworksBuildPhase section */
		509D4A8217EBB24E00697056 /* Frameworks */ = {
			isa = PBXFrameworksBuildPhase;
			buildActionMask = 2147483647;
			files = (
				ED545A841B68A21C00C3958E /* libiconv.dylib in Frameworks */,
				BAEE4D841AC40C11003BEB0F /* Security.framework in Frameworks */,
				C037820F18BF77DE00FE4F13 /* libjscocos2d Mac.a in Frameworks */,
				1A67682A180E9C060076BC67 /* libcocos2d Mac.a in Frameworks */,
				502380DC17EBB88200990C9B /* libcurl.dylib in Frameworks */,
				509D4A8817EBB24E00697056 /* libsqlite3.dylib in Frameworks */,
				509D4A8917EBB24E00697056 /* libz.dylib in Frameworks */,
				509D4AEB17EBB82600697056 /* IOKit.framework in Frameworks */,
				509D4AE917EBB82000697056 /* AppKit.framework in Frameworks */,
				509D4AE717EBB81800697056 /* OpenGL.framework in Frameworks */,
				509D4A8A17EBB24E00697056 /* QuartzCore.framework in Frameworks */,
				509D4A8C17EBB24E00697056 /* OpenAL.framework in Frameworks */,
				509D4A8D17EBB24E00697056 /* AudioToolbox.framework in Frameworks */,
				509D4A8E17EBB24E00697056 /* AVFoundation.framework in Frameworks */,
				509D4A9017EBB24E00697056 /* Foundation.framework in Frameworks */,
				509D4A9117EBB24E00697056 /* CoreGraphics.framework in Frameworks */,
			);
			runOnlyForDeploymentPostprocessing = 0;
		};
		A922753A1517C094001B78AA /* Frameworks */ = {
			isa = PBXFrameworksBuildPhase;
			buildActionMask = 2147483647;
			files = (
				547588301EDC883A00479C6C /* GoogleMobileAds.framework in Frameworks */,
				1A676839180E9C1E0076BC67 /* libcocos2d iOS.a in Frameworks */,
				549BF7561ECB50B000333B9D /* libjscocos2d iOS.a in Frameworks */,
				294D0D681D0D56F400F7F5D4 /* CoreText.framework in Frameworks */,
				547588361EDC883A00479C6C /* FBSDKCoreKit.framework in Frameworks */,
				9FA3AE461BE9BBCA00FC9645 /* GameController.framework in Frameworks */,
				ED545A821B68A21500C3958E /* libiconv.dylib in Frameworks */,
				547588381EDC883A00479C6C /* FBSDKShareKit.framework in Frameworks */,
				BA3A85EC1A724AE900924D24 /* Security.framework in Frameworks */,
				547588371EDC883A00479C6C /* FBSDKLoginKit.framework in Frameworks */,
				BA4E718119EB6E3F00932425 /* MediaPlayer.framework in Frameworks */,
				D6B061241803AB9F0077942B /* CoreMotion.framework in Frameworks */,
				1A82F5FB169AC92500C4B13A /* libsqlite3.dylib in Frameworks */,
				D454520C156E22BD00887EB5 /* libz.dylib in Frameworks */,
				A92275421517C094001B78AA /* QuartzCore.framework in Frameworks */,
				A92275441517C094001B78AA /* OpenGLES.framework in Frameworks */,
				5475883B1EDC883A00479C6C /* libFlurry_8.0.2.a in Frameworks */,
				A92275461517C094001B78AA /* OpenAL.framework in Frameworks */,
				A92275481517C094001B78AA /* AudioToolbox.framework in Frameworks */,
				547588351EDC883A00479C6C /* Bolts.framework in Frameworks */,
				A922754A1517C094001B78AA /* AVFoundation.framework in Frameworks */,
				A922754C1517C094001B78AA /* UIKit.framework in Frameworks */,
				A922754E1517C094001B78AA /* Foundation.framework in Frameworks */,
				A92275501517C094001B78AA /* CoreGraphics.framework in Frameworks */,
			);
			runOnlyForDeploymentPostprocessing = 0;
		};
/* End PBXFrameworksBuildPhase section */

/* Begin PBXGroup section */
		15628F5B15F0F5C2000CF24B /* Resources */ = {
			isa = PBXGroup;
			children = (
				1A1A081B18C9DF05005C6854 /* project.json */,
				1A6BF21418C9DB5900FB0E1C /* main.js */,
				C0799CB518BAE62000E9C828 /* res */,
				C03780EA18BEE0E400FE4F13 /* src */,
			);
			name = Resources;
			sourceTree = "<group>";
		};
		1AC6FB35180E9ACB004C840B /* Products */ = {
			isa = PBXGroup;
			children = (
				1AC6FB48180E9ACB004C840B /* libcocos2d Mac.a */,
				1AC6FB56180E9ACB004C840B /* libcocos2d iOS.a */,
				546ADB371EA6622500BBB58C /* libcocos2d tvOS.a */,
			);
			name = Products;
			sourceTree = "<group>";
		};
		509D4ACA17EBB2BE00697056 /* mac */ = {
			isa = PBXGroup;
			children = (
				C06E23CB18CEFE680093C81A /* main.cpp */,
				509D4ACB17EBB2BE00697056 /* Icon.icns */,
				509D4ACC17EBB2BE00697056 /* Info.plist */,
				509D4ACE17EBB2BE00697056 /* Prefix.pch */,
			);
			path = mac;
			sourceTree = "<group>";
		};
		547587DC1EDC883A00479C6C /* library */ = {
			isa = PBXGroup;
			children = (
				547588111EDC883A00479C6C /* GoogleService-Info.plist */,
				54F3BAED1EE855CB00C27AD6 /* access */,
				547587DF1EDC883A00479C6C /* ads */,
				547588011EDC883A00479C6C /* facebook */,
				547588091EDC883A00479C6C /* flurry */,
				547588181EDC883A00479C6C /* native */,
				5475881F1EDC883A00479C6C /* purchase */,
				547588271EDC883A00479C6C /* utility */,
				5436F7371EDDC4C900A0EB64 /* ConfigManager.h */,
				5436F7381EDDC4C900A0EB64 /* ConfigManager.m */,
			);
			name = library;
			path = ios/library;
			sourceTree = "<group>";
		};
		547587DF1EDC883A00479C6C /* ads */ = {
			isa = PBXGroup;
			children = (
				547587E01EDC883A00479C6C /* AdListener.h */,
				547587E11EDC883A00479C6C /* AdsManager.h */,
				547587E21EDC883A00479C6C /* AdsManager.m */,
				547587F41EDC883A00479C6C /* libs */,
				5490933F1EE7038100E6533B /* native */,
				547587E31EDC883A00479C6C /* banner */,
				547587ED1EDC883A00479C6C /* interstitial */,
				547587F91EDC883A00479C6C /* rewardedvideo */,
				547587EA1EDC883A00479C6C /* IAdAccess.h */,
				547587EB1EDC883A00479C6C /* IAdAccess.m */,
				547587EC1EDC883A00479C6C /* IManagerAccess.h */,
				54F3BAE91EE8452700C27AD6 /* IManagerAccess.m */,
				545204D71EE060E8000D2D5F /* AdInterface.h */,
				545204D81EE060E8000D2D5F /* AdInterface.m */,
			);
			path = ads;
			sourceTree = "<group>";
		};
		547587E31EDC883A00479C6C /* banner */ = {
			isa = PBXGroup;
			children = (
				547587E41EDC883A00479C6C /* admob */,
				547587E71EDC883A00479C6C /* BannerManager.h */,
				547587E81EDC883A00479C6C /* BannerManager.m */,
				547587E91EDC883A00479C6C /* IBannerAccess.h */,
				54F3BAF51EE857B100C27AD6 /* IBannerAccess.m */,
			);
			path = banner;
			sourceTree = "<group>";
		};
		547587E41EDC883A00479C6C /* admob */ = {
			isa = PBXGroup;
			children = (
				547587E51EDC883A00479C6C /* BannerAdmob.h */,
				547587E61EDC883A00479C6C /* BannerAdmob.m */,
			);
			path = admob;
			sourceTree = "<group>";
		};
		547587ED1EDC883A00479C6C /* interstitial */ = {
			isa = PBXGroup;
			children = (
				547587EE1EDC883A00479C6C /* admob */,
				547587F11EDC883A00479C6C /* IInterstitialAccess.h */,
				54F3BAF31EE8579400C27AD6 /* IInterstitialAccess.m */,
				547587F21EDC883A00479C6C /* InterstitialManager.h */,
				547587F31EDC883A00479C6C /* InterstitialManager.m */,
			);
			path = interstitial;
			sourceTree = "<group>";
		};
		547587EE1EDC883A00479C6C /* admob */ = {
			isa = PBXGroup;
			children = (
				547587EF1EDC883A00479C6C /* InterstitialAdmob.h */,
				547587F01EDC883A00479C6C /* InterstitialAdmob.m */,
			);
			path = admob;
			sourceTree = "<group>";
		};
		547587F41EDC883A00479C6C /* libs */ = {
			isa = PBXGroup;
			children = (
				547587F51EDC883A00479C6C /* GoogleMobileAds.framework */,
			);
			path = libs;
			sourceTree = "<group>";
		};
		547587F91EDC883A00479C6C /* rewardedvideo */ = {
			isa = PBXGroup;
			children = (
				547587FA1EDC883A00479C6C /* admob */,
				547587FD1EDC883A00479C6C /* IRewardedVideoAccess.h */,
				54F3BAF11EE856AB00C27AD6 /* IRewardedVideoAccess.m */,
				547587FE1EDC883A00479C6C /* RewardedVideoManager.h */,
				547587FF1EDC883A00479C6C /* RewardedVideoManager.m */,
				547588001EDC883A00479C6C /* unity */,
			);
			path = rewardedvideo;
			sourceTree = "<group>";
		};
		547587FA1EDC883A00479C6C /* admob */ = {
			isa = PBXGroup;
			children = (
				547587FB1EDC883A00479C6C /* RewardedVideoAdmob.h */,
				547587FC1EDC883A00479C6C /* RewardedVideoAdmob.m */,
			);
			path = admob;
			sourceTree = "<group>";
		};
		547588001EDC883A00479C6C /* unity */ = {
			isa = PBXGroup;
			children = (
			);
			path = unity;
			sourceTree = "<group>";
		};
		547588011EDC883A00479C6C /* facebook */ = {
			isa = PBXGroup;
			children = (
				547588041EDC883A00479C6C /* libs */,
				547588021EDC883A00479C6C /* FaceBookManager.h */,
				547588031EDC883A00479C6C /* FaceBookManager.m */,
				545204D41EE05CA4000D2D5F /* FacebookInterface.h */,
				545204D51EE05CA4000D2D5F /* FacebookInterface.m */,
			);
			path = facebook;
			sourceTree = "<group>";
		};
		547588041EDC883A00479C6C /* libs */ = {
			isa = PBXGroup;
			children = (
				547588051EDC883A00479C6C /* Bolts.framework */,
				547588061EDC883A00479C6C /* FBSDKCoreKit.framework */,
				547588071EDC883A00479C6C /* FBSDKLoginKit.framework */,
				547588081EDC883A00479C6C /* FBSDKShareKit.framework */,
			);
			path = libs;
			sourceTree = "<group>";
		};
		547588091EDC883A00479C6C /* flurry */ = {
			isa = PBXGroup;
			children = (
				5475880A1EDC883A00479C6C /* FlurryManager.h */,
				5475880B1EDC883A00479C6C /* FlurryManager.m */,
				5475880C1EDC883A00479C6C /* libs */,
				5467F6F21EE5B66800F114AE /* FlurryInterface.h */,
				5467F6F31EE5B66800F114AE /* FlurryInterface.m */,
			);
			path = flurry;
			sourceTree = "<group>";
		};
		5475880C1EDC883A00479C6C /* libs */ = {
			isa = PBXGroup;
			children = (
				5475880D1EDC883A00479C6C /* Flurry.h */,
				5475880E1EDC883A00479C6C /* FlurryEmpty.m */,
				5475880F1EDC883A00479C6C /* FlurrySessionBuilder.h */,
				547588101EDC883A00479C6C /* libFlurry_8.0.2.a */,
			);
			path = libs;
			sourceTree = "<group>";
		};
		547588181EDC883A00479C6C /* native */ = {
			isa = PBXGroup;
			children = (
				547588191EDC883A00479C6C /* extends */,
				5475881C1EDC883A00479C6C /* libs */,
				5475881D1EDC883A00479C6C /* NativeManager.h */,
				5475881E1EDC883A00479C6C /* NativeManager.m */,
				547588471EDC88BF00479C6C /* NativeInterface.h */,
				547588481EDC88BF00479C6C /* NativeInterface.m */,
			);
			path = native;
			sourceTree = "<group>";
		};
		547588191EDC883A00479C6C /* extends */ = {
			isa = PBXGroup;
			children = (
				5475881A1EDC883A00479C6C /* InAppWebView.h */,
				5475881B1EDC883A00479C6C /* InAppWebView.m */,
			);
			path = extends;
			sourceTree = "<group>";
		};
		5475881C1EDC883A00479C6C /* libs */ = {
			isa = PBXGroup;
			children = (
			);
			path = libs;
			sourceTree = "<group>";
		};
		5475881F1EDC883A00479C6C /* purchase */ = {
			isa = PBXGroup;
			children = (
				547588201EDC883A00479C6C /* iap */,
				547588241EDC883A00479C6C /* IAPurchaseManager.h */,
				547588251EDC883A00479C6C /* IAPurchaseManager.m */,
				547588261EDC883A00479C6C /* libs */,
			);
			path = purchase;
			sourceTree = "<group>";
		};
		547588201EDC883A00479C6C /* iap */ = {
			isa = PBXGroup;
			children = (
				547588211EDC883A00479C6C /* Purchase.h */,
				547588221EDC883A00479C6C /* Purchase.m */,
				547588231EDC883A00479C6C /* PurchasedDelegate.h */,
			);
			path = iap;
			sourceTree = "<group>";
		};
		547588261EDC883A00479C6C /* libs */ = {
			isa = PBXGroup;
			children = (
			);
			path = libs;
			sourceTree = "<group>";
		};
		547588271EDC883A00479C6C /* utility */ = {
			isa = PBXGroup;
			children = (
				547588281EDC883A00479C6C /* Utility.h */,
				547588291EDC883A00479C6C /* Utility.mm */,
			);
			path = utility;
			sourceTree = "<group>";
		};
		5490933F1EE7038100E6533B /* native */ = {
			isa = PBXGroup;
			children = (
				549093461EE704DE00E6533B /* admob */,
				549093431EE703DC00E6533B /* INativeAdAccess.h */,
				54F3BAF71EE857D900C27AD6 /* INativeAdAccess.m */,
				549093401EE703C700E6533B /* NativeAdManager.h */,
				549093411EE703C700E6533B /* NativeAdManager.m */,
			);
			path = native;
			sourceTree = "<group>";
		};
		549093461EE704DE00E6533B /* admob */ = {
			isa = PBXGroup;
			children = (
				549093471EE7050400E6533B /* NativeAdAdmob.h */,
				549093481EE7050400E6533B /* NativeAdAdmob.m */,
			);
			path = admob;
			sourceTree = "<group>";
		};
		54D239E61EE1CC27000865E6 /* Defaults */ = {
			isa = PBXGroup;
			children = (
				54D239E71EE1CC27000865E6 /* Default-568h@2x.png */,
				54D239E81EE1CC27000865E6 /* Default-667h@2x.png */,
				54D239E91EE1CC27000865E6 /* Default-736h@3x.png */,
				54D239EB1EE1CC27000865E6 /* Default.png */,
				54D239EC1EE1CC27000865E6 /* Default@2x.png */,
			);
			name = Defaults;
			path = ios/Defaults;
			sourceTree = "<group>";
		};
		54D239ED1EE1CC27000865E6 /* Icons */ = {
			isa = PBXGroup;
			children = (
				54D239EE1EE1CC27000865E6 /* Icon-100.png */,
				54D239EF1EE1CC27000865E6 /* Icon-114.png */,
				54D239F01EE1CC27000865E6 /* Icon-120.png */,
				54D239F11EE1CC27000865E6 /* Icon-144.png */,
				54D239F21EE1CC27000865E6 /* Icon-152.png */,
				54D239F31EE1CC27000865E6 /* Icon-180.png */,
				54D239F41EE1CC27000865E6 /* Icon-29.png */,
				54D239F51EE1CC27000865E6 /* Icon-40.png */,
				54D239F61EE1CC27000865E6 /* Icon-50.png */,
				54D239F71EE1CC27000865E6 /* Icon-57.png */,
				54D239F81EE1CC27000865E6 /* Icon-58.png */,
				54D239F91EE1CC27000865E6 /* Icon-72.png */,
				54D239FA1EE1CC27000865E6 /* Icon-76.png */,
				54D239FB1EE1CC27000865E6 /* Icon-80.png */,
				54D239FC1EE1CC27000865E6 /* Icon-87.png */,
			);
			name = Icons;
			path = ios/Icons;
			sourceTree = "<group>";
		};
		54F3BAED1EE855CB00C27AD6 /* access */ = {
			isa = PBXGroup;
			children = (
				54F3BAEE1EE855CB00C27AD6 /* ILibraryAccess.h */,
				54F3BAEF1EE855CB00C27AD6 /* ILibraryAccess.m */,
			);
			path = access;
			sourceTree = "<group>";
		};
		A92275321517C094001B78AA = {
			isa = PBXGroup;
			children = (
				C037820118BF76AF00FE4F13 /* cocos2d_js_bindings.xcodeproj */,
				1AC6FB34180E9ACB004C840B /* cocos2d_libs.xcodeproj */,
				BAF426FA19484B3E002B22EF /* script */,
				D4545214156E28EF00887EB5 /* Classes */,
				A92275401517C094001B78AA /* Frameworks */,
				D45446CC156DE73F00887EB5 /* ios */,
				509D4ACA17EBB2BE00697056 /* mac */,
				A922753E1517C094001B78AA /* Products */,
				15628F5B15F0F5C2000CF24B /* Resources */,
			);
			sourceTree = "<group>";
		};
		A922753E1517C094001B78AA /* Products */ = {
			isa = PBXGroup;
			children = (
				A922753D1517C094001B78AA /* HotFixer-mobile.app */,
				509D4AAA17EBB24E00697056 /* HotFixer-desktop.app */,
			);
			name = Products;
			sourceTree = "<group>";
		};
		A92275401517C094001B78AA /* Frameworks */ = {
			isa = PBXGroup;
			children = (
				294D0D671D0D56F400F7F5D4 /* CoreText.framework */,
				9FA3AE451BE9BBCA00FC9645 /* GameController.framework */,
				ED545A831B68A21C00C3958E /* libiconv.dylib */,
				ED545A811B68A21500C3958E /* libiconv.dylib */,
				BAEE4D831AC40C11003BEB0F /* Security.framework */,
				BA3A85EB1A724AE900924D24 /* Security.framework */,
				BA4E718019EB6E3E00932425 /* MediaPlayer.framework */,
				D6B061231803AB9F0077942B /* CoreMotion.framework */,
				502380DB17EBB88200990C9B /* libcurl.dylib */,
				509D4AEA17EBB82600697056 /* IOKit.framework */,
				509D4AE817EBB82000697056 /* AppKit.framework */,
				509D4AE617EBB81800697056 /* OpenGL.framework */,
				1A96A4F2174A3432008653A9 /* libcurl.a */,
				1A82F5FA169AC92500C4B13A /* libsqlite3.dylib */,
				D454520B156E22BD00887EB5 /* libz.dylib */,
				A92275411517C094001B78AA /* QuartzCore.framework */,
				A92275431517C094001B78AA /* OpenGLES.framework */,
				A92275451517C094001B78AA /* OpenAL.framework */,
				A92275471517C094001B78AA /* AudioToolbox.framework */,
				A92275491517C094001B78AA /* AVFoundation.framework */,
				A922754B1517C094001B78AA /* UIKit.framework */,
				A922754D1517C094001B78AA /* Foundation.framework */,
				A922754F1517C094001B78AA /* CoreGraphics.framework */,
			);
			name = Frameworks;
			sourceTree = "<group>";
		};
		C037820218BF76AF00FE4F13 /* Products */ = {
			isa = PBXGroup;
			children = (
				C037820718BF76AF00FE4F13 /* libjscocos2d Mac.a */,
				C037820918BF76AF00FE4F13 /* libjscocos2d iOS.a */,
				546ADB341EA6622500BBB58C /* libjscocos2d tvOS.a */,
			);
			name = Products;
			sourceTree = "<group>";
		};
		D45446CC156DE73F00887EB5 /* ios */ = {
			isa = PBXGroup;
			children = (
				54D239E61EE1CC27000865E6 /* Defaults */,
				54D239ED1EE1CC27000865E6 /* Icons */,
				547587DC1EDC883A00479C6C /* library */,
				509D4AB717EBB2AB00697056 /* Info.plist */,
				509D4AAB17EBB2AB00697056 /* AppController.h */,
				509D4AAC17EBB2AB00697056 /* AppController.mm */,
				509D4AB817EBB2AB00697056 /* main.m */,
				509D4AB917EBB2AB00697056 /* Prefix.pch */,
				509D4ABA17EBB2AB00697056 /* RootViewController.h */,
				509D4ABB17EBB2AB00697056 /* RootViewController.mm */,
			);
			name = ios;
			sourceTree = "<group>";
		};
		D4545214156E28EF00887EB5 /* Classes */ = {
			isa = PBXGroup;
			children = (
				D4545215156E28EF00887EB5 /* AppDelegate.cpp */,
				D4545216156E28EF00887EB5 /* AppDelegate.h */,
			);
			name = Classes;
			path = ../Classes;
			sourceTree = "<group>";
		};
/* End PBXGroup section */

/* Begin PBXNativeTarget section */
		509D4A7517EBB24E00697056 /* HotFixer-desktop */ = {
			isa = PBXNativeTarget;
			buildConfigurationList = 509D4AA717EBB24E00697056 /* Build configuration list for PBXNativeTarget "HotFixer-desktop" */;
			buildPhases = (
				509D4A8017EBB24E00697056 /* Sources */,
				509D4A9317EBB24E00697056 /* Resources */,
				509D4A8217EBB24E00697056 /* Frameworks */,
			);
			buildRules = (
			);
			dependencies = (
				C037820E18BF77D100FE4F13 /* PBXTargetDependency */,
				1A676820180E9BF70076BC67 /* PBXTargetDependency */,
			);
			name = "HotFixer-desktop";
			productName = HotFixer;
			productReference = 509D4AAA17EBB24E00697056 /* HotFixer-desktop.app */;
			productType = "com.apple.product-type.application";
		};
		A922753C1517C094001B78AA /* HotFixer-mobile */ = {
			isa = PBXNativeTarget;
			buildConfigurationList = A92277001517C097001B78AA /* Build configuration list for PBXNativeTarget "HotFixer-mobile" */;
			buildPhases = (
				A92275391517C094001B78AA /* Sources */,
				A922753A1517C094001B78AA /* Frameworks */,
				A922753B1517C094001B78AA /* Resources */,
			);
			buildRules = (
			);
			dependencies = (
				C037820B18BF77BC00FE4F13 /* PBXTargetDependency */,
				1A67682F180E9C110076BC67 /* PBXTargetDependency */,
			);
			name = "HotFixer-mobile";
			productName = HotFixer;
			productReference = A922753D1517C094001B78AA /* HotFixer-mobile.app */;
			productType = "com.apple.product-type.application";
		};
/* End PBXNativeTarget section */

/* Begin PBXProject section */
		A92275341517C094001B78AA /* Project object */ = {
			isa = PBXProject;
			attributes = {
				LastUpgradeCheck = 0500;
				TargetAttributes = {
					A922753C1517C094001B78AA = {
						DevelopmentTeam = HM9CDEP6PK;
					};
				};
			};
			buildConfigurationList = A92275371517C094001B78AA /* Build configuration list for PBXProject "HotFixer" */;
			compatibilityVersion = "Xcode 3.2";
			developmentRegion = English;
			hasScannedForEncodings = 0;
			knownRegions = (
				en,
			);
			mainGroup = A92275321517C094001B78AA;
			productRefGroup = A922753E1517C094001B78AA /* Products */;
			projectDirPath = "";
			projectReferences = (
				{
					ProductGroup = C037820218BF76AF00FE4F13 /* Products */;
					ProjectRef = C037820118BF76AF00FE4F13 /* cocos2d_js_bindings.xcodeproj */;
				},
				{
					ProductGroup = 1AC6FB35180E9ACB004C840B /* Products */;
					ProjectRef = 1AC6FB34180E9ACB004C840B /* cocos2d_libs.xcodeproj */;
				},
			);
			projectRoot = "";
			targets = (
				A922753C1517C094001B78AA /* HotFixer-mobile */,
				509D4A7517EBB24E00697056 /* HotFixer-desktop */,
			);
		};
/* End PBXProject section */

/* Begin PBXReferenceProxy section */
		1AC6FB48180E9ACB004C840B /* libcocos2d Mac.a */ = {
			isa = PBXReferenceProxy;
			fileType = archive.ar;
			path = "libcocos2d Mac.a";
			remoteRef = 1AC6FB47180E9ACB004C840B /* PBXContainerItemProxy */;
			sourceTree = BUILT_PRODUCTS_DIR;
		};
		1AC6FB56180E9ACB004C840B /* libcocos2d iOS.a */ = {
			isa = PBXReferenceProxy;
			fileType = archive.ar;
			path = "libcocos2d iOS.a";
			remoteRef = 1AC6FB55180E9ACB004C840B /* PBXContainerItemProxy */;
			sourceTree = BUILT_PRODUCTS_DIR;
		};
		546ADB341EA6622500BBB58C /* libjscocos2d tvOS.a */ = {
			isa = PBXReferenceProxy;
			fileType = archive.ar;
			path = "libjscocos2d tvOS.a";
			remoteRef = 546ADB331EA6622500BBB58C /* PBXContainerItemProxy */;
			sourceTree = BUILT_PRODUCTS_DIR;
		};
		546ADB371EA6622500BBB58C /* libcocos2d tvOS.a */ = {
			isa = PBXReferenceProxy;
			fileType = archive.ar;
			path = "libcocos2d tvOS.a";
			remoteRef = 546ADB361EA6622500BBB58C /* PBXContainerItemProxy */;
			sourceTree = BUILT_PRODUCTS_DIR;
		};
		C037820718BF76AF00FE4F13 /* libjscocos2d Mac.a */ = {
			isa = PBXReferenceProxy;
			fileType = archive.ar;
			path = "libjscocos2d Mac.a";
			remoteRef = C037820618BF76AF00FE4F13 /* PBXContainerItemProxy */;
			sourceTree = BUILT_PRODUCTS_DIR;
		};
		C037820918BF76AF00FE4F13 /* libjscocos2d iOS.a */ = {
			isa = PBXReferenceProxy;
			fileType = archive.ar;
			path = "libjscocos2d iOS.a";
			remoteRef = C037820818BF76AF00FE4F13 /* PBXContainerItemProxy */;
			sourceTree = BUILT_PRODUCTS_DIR;
		};
/* End PBXReferenceProxy section */

/* Begin PBXResourcesBuildPhase section */
		509D4A9317EBB24E00697056 /* Resources */ = {
			isa = PBXResourcesBuildPhase;
			buildActionMask = 2147483647;
			files = (
				1AC22EDE18CA0E11007112B9 /* project.json in Resources */,
				1AD7E0A918C9DBE3004817A6 /* main.js in Resources */,
				C0799CBA18BAE62000E9C828 /* res in Resources */,
				BAF426FC19484B3E002B22EF /* script in Resources */,
				509D4ACF17EBB2BE00697056 /* Icon.icns in Resources */,
				C03780EC18BEE0E400FE4F13 /* src in Resources */,
			);
			runOnlyForDeploymentPostprocessing = 0;
		};
		A922753B1517C094001B78AA /* Resources */ = {
			isa = PBXResourcesBuildPhase;
			buildActionMask = 2147483647;
			files = (
				54D23A021EE1CC27000865E6 /* Default@2x.png in Resources */,
				54D23A031EE1CC27000865E6 /* Icon-100.png in Resources */,
				BAF426FB19484B3E002B22EF /* script in Resources */,
				54D23A071EE1CC27000865E6 /* Icon-152.png in Resources */,
				54D23A0A1EE1CC27000865E6 /* Icon-40.png in Resources */,
				54D23A0E1EE1CC27000865E6 /* Icon-72.png in Resources */,
				54D23A101EE1CC27000865E6 /* Icon-80.png in Resources */,
				1AE159EC18C9DF3600FCA372 /* project.json in Resources */,
				1AD7E0A818C9DB93004817A6 /* main.js in Resources */,
				C03780EB18BEE0E400FE4F13 /* src in Resources */,
				54D23A091EE1CC27000865E6 /* Icon-29.png in Resources */,
				C0799CB918BAE62000E9C828 /* res in Resources */,
				54D23A0B1EE1CC27000865E6 /* Icon-50.png in Resources */,
				54D239FF1EE1CC27000865E6 /* Default-736h@3x.png in Resources */,
				54D239FE1EE1CC27000865E6 /* Default-667h@2x.png in Resources */,
				54D23A0D1EE1CC27000865E6 /* Icon-58.png in Resources */,
				54D239FD1EE1CC27000865E6 /* Default-568h@2x.png in Resources */,
				54D23A041EE1CC27000865E6 /* Icon-114.png in Resources */,
				5475883C1EDC883A00479C6C /* GoogleService-Info.plist in Resources */,
				54D23A051EE1CC27000865E6 /* Icon-120.png in Resources */,
				54D23A061EE1CC27000865E6 /* Icon-144.png in Resources */,
				54D23A081EE1CC27000865E6 /* Icon-180.png in Resources */,
				54D23A0F1EE1CC27000865E6 /* Icon-76.png in Resources */,
				54D23A0C1EE1CC27000865E6 /* Icon-57.png in Resources */,
				54D23A011EE1CC27000865E6 /* Default.png in Resources */,
				54D23A111EE1CC27000865E6 /* Icon-87.png in Resources */,
			);
			runOnlyForDeploymentPostprocessing = 0;
		};
/* End PBXResourcesBuildPhase section */

/* Begin PBXSourcesBuildPhase section */
		509D4A8017EBB24E00697056 /* Sources */ = {
			isa = PBXSourcesBuildPhase;
			buildActionMask = 2147483647;
			files = (
				509D4A8117EBB24E00697056 /* AppDelegate.cpp in Sources */,
				C06E23CC18CEFE680093C81A /* main.cpp in Sources */,
			);
			runOnlyForDeploymentPostprocessing = 0;
		};
		A92275391517C094001B78AA /* Sources */ = {
			isa = PBXSourcesBuildPhase;
			buildActionMask = 2147483647;
			files = (
				509D4AC917EBB2AB00697056 /* RootViewController.mm in Sources */,
				5475882B1EDC883A00479C6C /* BannerAdmob.m in Sources */,
				D4545227156E28EF00887EB5 /* AppDelegate.cpp in Sources */,
				5475882A1EDC883A00479C6C /* AdsManager.m in Sources */,
				54F3BAF41EE8579400C27AD6 /* IInterstitialAccess.m in Sources */,
				547588411EDC883A00479C6C /* NativeManager.m in Sources */,
				549093421EE703C700E6533B /* NativeAdManager.m in Sources */,
				5475882C1EDC883A00479C6C /* BannerManager.m in Sources */,
				509D4AC817EBB2AB00697056 /* main.m in Sources */,
				5475882D1EDC883A00479C6C /* IAdAccess.m in Sources */,
				545204D61EE05CA4000D2D5F /* FacebookInterface.m in Sources */,
				545204D91EE060E8000D2D5F /* AdInterface.m in Sources */,
				54F3BAF21EE856AB00C27AD6 /* IRewardedVideoAccess.m in Sources */,
				5475882F1EDC883A00479C6C /* InterstitialManager.m in Sources */,
				547588391EDC883A00479C6C /* FlurryManager.m in Sources */,
				547588331EDC883A00479C6C /* RewardedVideoManager.m in Sources */,
				547588341EDC883A00479C6C /* FaceBookManager.m in Sources */,
				547588421EDC883A00479C6C /* Purchase.m in Sources */,
				5467F6F41EE5B66800F114AE /* FlurryInterface.m in Sources */,
				54F3BAEA1EE8452700C27AD6 /* IManagerAccess.m in Sources */,
				5436F7391EDDC4C900A0EB64 /* ConfigManager.m in Sources */,
				547588441EDC883A00479C6C /* Utility.mm in Sources */,
				547588401EDC883A00479C6C /* InAppWebView.m in Sources */,
				5475883A1EDC883A00479C6C /* FlurryEmpty.m in Sources */,
				54F3BAF01EE855CB00C27AD6 /* ILibraryAccess.m in Sources */,
				549093491EE7050400E6533B /* NativeAdAdmob.m in Sources */,
				54F3BAF81EE857D900C27AD6 /* INativeAdAccess.m in Sources */,
				509D4ABC17EBB2AB00697056 /* AppController.mm in Sources */,
				54F3BAF61EE857B100C27AD6 /* IBannerAccess.m in Sources */,
				547588491EDC88BF00479C6C /* NativeInterface.m in Sources */,
				547588431EDC883A00479C6C /* IAPurchaseManager.m in Sources */,
				5475882E1EDC883A00479C6C /* InterstitialAdmob.m in Sources */,
				547588321EDC883A00479C6C /* RewardedVideoAdmob.m in Sources */,
			);
			runOnlyForDeploymentPostprocessing = 0;
		};
/* End PBXSourcesBuildPhase section */

/* Begin PBXTargetDependency section */
		1A676820180E9BF70076BC67 /* PBXTargetDependency */ = {
			isa = PBXTargetDependency;
			name = "cocos2dx Mac";
			targetProxy = 1A67681F180E9BF70076BC67 /* PBXContainerItemProxy */;
		};
		1A67682F180E9C110076BC67 /* PBXTargetDependency */ = {
			isa = PBXTargetDependency;
			name = "cocos2dx iOS";
			targetProxy = 1A67682E180E9C110076BC67 /* PBXContainerItemProxy */;
		};
		C037820B18BF77BC00FE4F13 /* PBXTargetDependency */ = {
			isa = PBXTargetDependency;
			name = "jsbindings iOS";
			targetProxy = C037820A18BF77BC00FE4F13 /* PBXContainerItemProxy */;
		};
		C037820E18BF77D100FE4F13 /* PBXTargetDependency */ = {
			isa = PBXTargetDependency;
			name = "jsbindings Mac";
			targetProxy = C037820D18BF77D100FE4F13 /* PBXContainerItemProxy */;
		};
/* End PBXTargetDependency section */

/* Begin XCBuildConfiguration section */
		509D4AA817EBB24E00697056 /* Debug */ = {
			isa = XCBuildConfiguration;
			buildSettings = {
				ALWAYS_SEARCH_USER_PATHS = YES;
				ARCHS = "$(ARCHS_STANDARD_64_BIT)";
				COMBINE_HIDPI_IMAGES = YES;
				DEAD_CODE_STRIPPING = YES;
				GCC_DYNAMIC_NO_PIC = NO;
				GCC_PRECOMPILE_PREFIX_HEADER = YES;
				GCC_PREFIX_HEADER = mac/Prefix.pch;
				GCC_PREPROCESSOR_DEFINITIONS = "$(inherited)";
				GCC_SYMBOLS_PRIVATE_EXTERN = YES;
				HEADER_SEARCH_PATHS = "";
				INFOPLIST_FILE = mac/Info.plist;
				LIBRARY_SEARCH_PATHS = "";
				OTHER_LDFLAGS = "";
				SDKROOT = macosx;
				USER_HEADER_SEARCH_PATHS = "$(inherited) $(SRCROOT)/../../cocos2d-x/external/glfw3/include/mac $(SRCROOT)/../../cocos2d-x/external/spidermonkey/include/mac";
			};
			name = Debug;
		};
		509D4AA917EBB24E00697056 /* Release */ = {
			isa = XCBuildConfiguration;
			buildSettings = {
				ALWAYS_SEARCH_USER_PATHS = YES;
				ARCHS = "$(ARCHS_STANDARD_64_BIT)";
				COMBINE_HIDPI_IMAGES = YES;
				DEAD_CODE_STRIPPING = YES;
				GCC_GENERATE_DEBUGGING_SYMBOLS = NO;
				GCC_PRECOMPILE_PREFIX_HEADER = YES;
				GCC_PREFIX_HEADER = mac/Prefix.pch;
				GCC_PREPROCESSOR_DEFINITIONS = "$(inherited)";
				GCC_SYMBOLS_PRIVATE_EXTERN = YES;
				HEADER_SEARCH_PATHS = "";
				INFOPLIST_FILE = mac/Info.plist;
				LIBRARY_SEARCH_PATHS = "";
				OTHER_LDFLAGS = "";
				SDKROOT = macosx;
				USER_HEADER_SEARCH_PATHS = "$(inherited) $(SRCROOT)/../../cocos2d-x/external/glfw3/include/mac $(SRCROOT)/../../cocos2d-x/external/spidermonkey/include/mac";
			};
			name = Release;
		};
		A92276FE1517C097001B78AA /* Debug */ = {
			isa = XCBuildConfiguration;
			buildSettings = {
				CLANG_CXX_LANGUAGE_STANDARD = "c++0x";
				CLANG_CXX_LIBRARY = "libc++";
				COPY_PHASE_STRIP = NO;
				GCC_C_LANGUAGE_STANDARD = c99;
				GCC_OPTIMIZATION_LEVEL = 0;
				GCC_PREPROCESSOR_DEFINITIONS = (
					"COCOS2D_DEBUG=1",
					USE_FILE32API,
					COCOS2D_JAVASCRIPT,
					CC_ENABLE_CHIPMUNK_INTEGRATION,
				);
				GCC_SYMBOLS_PRIVATE_EXTERN = NO;
				GCC_WARN_ABOUT_RETURN_TYPE = YES;
				GCC_WARN_UNUSED_VARIABLE = YES;
				HEADER_SEARCH_PATHS = "";
				IPHONEOS_DEPLOYMENT_TARGET = 6.0;
				MACOSX_DEPLOYMENT_TARGET = 10.8;
				ONLY_ACTIVE_ARCH = YES;
				PRODUCT_NAME = "$(TARGET_NAME)";
				USER_HEADER_SEARCH_PATHS = "$(SRCROOT)/../../cocos2d-x $(SRCROOT)/../../cocos2d-x/cocos/audio/include $(SRCROOT)/../../cocos2d-x/cocos $(SRCROOT)/../../cocos2d-x/extensions $(SRCROOT)/../../cocos2d-x/external $(SRCROOT)/../../cocos2d-x/external/chipmunk/include/chipmunk $(SRCROOT)/../../cocos2d-x/cocos/editor-support";
			};
			name = Debug;
		};
		A92276FF1517C097001B78AA /* Release */ = {
			isa = XCBuildConfiguration;
			buildSettings = {
				CLANG_CXX_LANGUAGE_STANDARD = "c++0x";
				CLANG_CXX_LIBRARY = "libc++";
				GCC_C_LANGUAGE_STANDARD = c99;
				GCC_PREPROCESSOR_DEFINITIONS = (
					NDEBUG,
					USE_FILE32API,
					COCOS2D_JAVASCRIPT,
					CC_ENABLE_CHIPMUNK_INTEGRATION,
				);
				GCC_WARN_ABOUT_RETURN_TYPE = YES;
				GCC_WARN_UNUSED_VARIABLE = YES;
				HEADER_SEARCH_PATHS = "";
				IPHONEOS_DEPLOYMENT_TARGET = 6.0;
				MACOSX_DEPLOYMENT_TARGET = 10.8;
				OTHER_CFLAGS = "-DNS_BLOCK_ASSERTIONS=1";
				PRODUCT_NAME = "$(TARGET_NAME)";
				USER_HEADER_SEARCH_PATHS = "$(SRCROOT)/../../cocos2d-x $(SRCROOT)/../../cocos2d-x/cocos/audio/include $(SRCROOT)/../../cocos2d-x/cocos $(SRCROOT)/../../cocos2d-x/extensions $(SRCROOT)/../../cocos2d-x/external $(SRCROOT)/../../cocos2d-x/external/chipmunk/include/chipmunk $(SRCROOT)/../../cocos2d-x/cocos/editor-support";
				VALIDATE_PRODUCT = YES;
			};
			name = Release;
		};
		A92277011517C097001B78AA /* Debug */ = {
			isa = XCBuildConfiguration;
			buildSettings = {
				ALWAYS_SEARCH_USER_PATHS = YES;
				CLANG_ENABLE_MODULES = YES;
				CODE_SIGN_IDENTITY = "iPhone Developer";
				COMPRESS_PNG_FILES = NO;
				DEVELOPMENT_TEAM = HM9CDEP6PK;
				ENABLE_BITCODE = NO;
				FRAMEWORK_SEARCH_PATHS = (
					"$(inherited)",
					"$(PROJECT_DIR)/ios/library/ads/libs",
					"$(PROJECT_DIR)/ios/library/facebook/libs",
				);
				GCC_DYNAMIC_NO_PIC = NO;
				GCC_GENERATE_DEBUGGING_SYMBOLS = YES;
				GCC_PRECOMPILE_PREFIX_HEADER = YES;
				GCC_PREFIX_HEADER = ios/Prefix.pch;
				GCC_PREPROCESSOR_DEFINITIONS = "$(inherited)";
				GCC_SYMBOLS_PRIVATE_EXTERN = YES;
				HEADER_SEARCH_PATHS = "";
				INFOPLIST_FILE = ios/Info.plist;
				IPHONEOS_DEPLOYMENT_TARGET = 8.0;
				LIBRARY_SEARCH_PATHS = "$(PROJECT_DIR)/ios/library/flurry/libs";
				OTHER_LDFLAGS = "";
				PRODUCT_BUNDLE_IDENTIFIER = com.metrojoys.hello;
				SDKROOT = iphoneos;
				STRIP_PNG_TEXT = NO;
				TARGETED_DEVICE_FAMILY = "1,2";
				USER_HEADER_SEARCH_PATHS = "$(inherited) $(SRCROOT)/../../cocos2d-x/external/spidermonkey/include/ios $(SRCROOT)/../../cocos2d-x/plugin/jsbindings/auto $(SRCROOT)/../../cocos2d-x/plugin/jsbindings/manual $(SRCROOT)/../../cocos2d-x/cocos";
				VALID_ARCHS = "arm64 armv7";
			};
			name = Debug;
		};
		A92277021517C097001B78AA /* Release */ = {
			isa = XCBuildConfiguration;
			buildSettings = {
				ALWAYS_SEARCH_USER_PATHS = YES;
				CLANG_ENABLE_MODULES = YES;
				CODE_SIGN_IDENTITY = "iPhone Developer";
				COMPRESS_PNG_FILES = NO;
				DEVELOPMENT_TEAM = HM9CDEP6PK;
				ENABLE_BITCODE = NO;
				FRAMEWORK_SEARCH_PATHS = (
					"$(inherited)",
					"$(PROJECT_DIR)/ios/library/ads/libs",
					"$(PROJECT_DIR)/ios/library/facebook/libs",
				);
				GCC_GENERATE_DEBUGGING_SYMBOLS = NO;
				GCC_PRECOMPILE_PREFIX_HEADER = YES;
				GCC_PREFIX_HEADER = ios/Prefix.pch;
				GCC_PREPROCESSOR_DEFINITIONS = "$(inherited)";
				GCC_SYMBOLS_PRIVATE_EXTERN = YES;
				HEADER_SEARCH_PATHS = "";
				INFOPLIST_FILE = ios/Info.plist;
				IPHONEOS_DEPLOYMENT_TARGET = 8.0;
				LIBRARY_SEARCH_PATHS = "$(PROJECT_DIR)/ios/library/flurry/libs";
				OTHER_LDFLAGS = "";
				PRODUCT_BUNDLE_IDENTIFIER = com.metrojoys.hello;
				SDKROOT = iphoneos;
				STRIP_PNG_TEXT = NO;
				TARGETED_DEVICE_FAMILY = "1,2";
				USER_HEADER_SEARCH_PATHS = "$(inherited) $(SRCROOT)/../../cocos2d-x/external/spidermonkey/include/ios $(SRCROOT)/../../cocos2d-x/plugin/jsbindings/auto $(SRCROOT)/../../cocos2d-x/plugin/jsbindings/manual $(SRCROOT)/../../cocos2d-x/cocos";
				VALID_ARCHS = "arm64 armv7";
			};
			name = Release;
		};
/* End XCBuildConfiguration section */

/* Begin XCConfigurationList section */
		509D4AA717EBB24E00697056 /* Build configuration list for PBXNativeTarget "HotFixer-desktop" */ = {
			isa = XCConfigurationList;
			buildConfigurations = (
				509D4AA817EBB24E00697056 /* Debug */,
				509D4AA917EBB24E00697056 /* Release */,
			);
			defaultConfigurationIsVisible = 0;
			defaultConfigurationName = Release;
		};
		A92275371517C094001B78AA /* Build configuration list for PBXProject "HotFixer" */ = {
			isa = XCConfigurationList;
			buildConfigurations = (
				A92276FE1517C097001B78AA /* Debug */,
				A92276FF1517C097001B78AA /* Release */,
			);
			defaultConfigurationIsVisible = 0;
			defaultConfigurationName = Release;
		};
		A92277001517C097001B78AA /* Build configuration list for PBXNativeTarget "HotFixer-mobile" */ = {
			isa = XCConfigurationList;
			buildConfigurations = (
				A92277011517C097001B78AA /* Debug */,
				A92277021517C097001B78AA /* Release */,
			);
			defaultConfigurationIsVisible = 0;
			defaultConfigurationName = Release;
		};
/* End XCConfigurationList section */
	};
	rootObject = A92275341517C094001B78AA /* Project object */;
}
